// !$*UTF8*$!
{
	archiveVersion = 1;
	classes = {
	};
	objectVersion = 48;
	objects = {

/* Begin PBXBuildFile section */
		00024F6D23447EDF00937941 /* PHAsset.swift in Sources */ = {isa = PBXBuildFile; fileRef = 00024F6C23447EDF00937941 /* PHAsset.swift */; };
		00024F6E23447EDF00937941 /* PHAsset.swift in Sources */ = {isa = PBXBuildFile; fileRef = 00024F6C23447EDF00937941 /* PHAsset.swift */; };
		00024F70234482EE00937941 /* AlbumContextMenuActions.swift in Sources */ = {isa = PBXBuildFile; fileRef = 00024F6F234482EE00937941 /* AlbumContextMenuActions.swift */; };
		00024F71234482EE00937941 /* AlbumContextMenuActions.swift in Sources */ = {isa = PBXBuildFile; fileRef = 00024F6F234482EE00937941 /* AlbumContextMenuActions.swift */; };
		00024F762344C06F00937941 /* AVAsset.swift in Sources */ = {isa = PBXBuildFile; fileRef = 00024F752344C06F00937941 /* AVAsset.swift */; };
		00024F772344C06F00937941 /* AVAsset.swift in Sources */ = {isa = PBXBuildFile; fileRef = 00024F752344C06F00937941 /* AVAsset.swift */; };
		00109CCC23FD239400B79F58 /* AlbumIcons.swift in Sources */ = {isa = PBXBuildFile; fileRef = 00109CCB23FD239400B79F58 /* AlbumIcons.swift */; };
		00109CCD23FD239400B79F58 /* AlbumIcons.swift in Sources */ = {isa = PBXBuildFile; fileRef = 00109CCB23FD239400B79F58 /* AlbumIcons.swift */; };
		00142EA823EB1737000BEC63 /* ZoomPopTransition.swift in Sources */ = {isa = PBXBuildFile; fileRef = 00142EA723EB1737000BEC63 /* ZoomPopTransition.swift */; };
		00142EA923EB1766000BEC63 /* ZoomPopTransition.swift in Sources */ = {isa = PBXBuildFile; fileRef = 00142EA723EB1737000BEC63 /* ZoomPopTransition.swift */; };
		0015537F2129C8CF00F58CEE /* Album.swift in Sources */ = {isa = PBXBuildFile; fileRef = 0015537E2129C8CF00F58CEE /* Album.swift */; };
		0016410023E9B8440071687B /* ScrubbingSlider.swift in Sources */ = {isa = PBXBuildFile; fileRef = 001640FF23E9B8440071687B /* ScrubbingSlider.swift */; };
		0016410123E9B8440071687B /* ScrubbingSlider.swift in Sources */ = {isa = PBXBuildFile; fileRef = 001640FF23E9B8440071687B /* ScrubbingSlider.swift */; };
		001888F523FDBCA800A49500 /* VideoTypeFilterControl.swift in Sources */ = {isa = PBXBuildFile; fileRef = 001888F423FDBCA800A49500 /* VideoTypeFilterControl.swift */; };
		001888F623FDBCA800A49500 /* VideoTypeFilterControl.swift in Sources */ = {isa = PBXBuildFile; fileRef = 001888F423FDBCA800A49500 /* VideoTypeFilterControl.swift */; };
		001A6C5120623B0000B91F3A /* ProgressView.swift in Sources */ = {isa = PBXBuildFile; fileRef = 001A6C5020623B0000B91F3A /* ProgressView.swift */; };
		001E825D2403B0A300388E62 /* AboutContainerViewController.swift in Sources */ = {isa = PBXBuildFile; fileRef = 001E825C2403B0A300388E62 /* AboutContainerViewController.swift */; };
		001E825E2403B0AB00388E62 /* AboutContainerViewController.swift in Sources */ = {isa = PBXBuildFile; fileRef = 001E825C2403B0A300388E62 /* AboutContainerViewController.swift */; };
		001E82602403D7ED00388E62 /* ActivityButton.swift in Sources */ = {isa = PBXBuildFile; fileRef = 001E825F2403D7ED00388E62 /* ActivityButton.swift */; };
		001E82612403D7ED00388E62 /* ActivityButton.swift in Sources */ = {isa = PBXBuildFile; fileRef = 001E825F2403D7ED00388E62 /* ActivityButton.swift */; };
		00229DB8212D978A00848CE8 /* FetchedAlbum+Change.swift in Sources */ = {isa = PBXBuildFile; fileRef = 00229DB7212D978A00848CE8 /* FetchedAlbum+Change.swift */; };
		0023FC8F23390D940046D9F8 /* About.storyboard in Resources */ = {isa = PBXBuildFile; fileRef = 0023FC8D23390D940046D9F8 /* About.storyboard */; };
		0023FC90233910D30046D9F8 /* About.storyboard in Resources */ = {isa = PBXBuildFile; fileRef = 0023FC8D23390D940046D9F8 /* About.storyboard */; };
		0023FC96233911B10046D9F8 /* Authorization.storyboard in Resources */ = {isa = PBXBuildFile; fileRef = 0023FC99233911B10046D9F8 /* Authorization.storyboard */; };
		0023FC97233911B10046D9F8 /* Authorization.storyboard in Resources */ = {isa = PBXBuildFile; fileRef = 0023FC99233911B10046D9F8 /* Authorization.storyboard */; };
		0023FC9F233A0E4C0046D9F8 /* ExportOptionsViewController.swift in Sources */ = {isa = PBXBuildFile; fileRef = 0023FC9E233A0E4C0046D9F8 /* ExportOptionsViewController.swift */; };
		0023FCA0233A17250046D9F8 /* ExportOptionsViewController.swift in Sources */ = {isa = PBXBuildFile; fileRef = 0023FC9E233A0E4C0046D9F8 /* ExportOptionsViewController.swift */; };
		0023FCA2233A25DC0046D9F8 /* ImageFormat.swift in Sources */ = {isa = PBXBuildFile; fileRef = 0023FCA1233A25DC0046D9F8 /* ImageFormat.swift */; };
		0023FCA3233A26060046D9F8 /* ImageFormat.swift in Sources */ = {isa = PBXBuildFile; fileRef = 0023FCA1233A25DC0046D9F8 /* ImageFormat.swift */; };
		0023FCA5233A42150046D9F8 /* AboutTableViewController.swift in Sources */ = {isa = PBXBuildFile; fileRef = 0023FCA4233A42150046D9F8 /* AboutTableViewController.swift */; };
		0023FCA6233A44B20046D9F8 /* AboutTableViewController.swift in Sources */ = {isa = PBXBuildFile; fileRef = 0023FCA4233A42150046D9F8 /* AboutTableViewController.swift */; };
		00266209212BFBC900786797 /* FetchedAlbum+Fetch.swift in Sources */ = {isa = PBXBuildFile; fileRef = 00266208212BFBC900786797 /* FetchedAlbum+Fetch.swift */; };
		0026620C212C4A6B00786797 /* AlbumsDataSource.swift in Sources */ = {isa = PBXBuildFile; fileRef = 0026620B212C4A6B00786797 /* AlbumsDataSource.swift */; };
		002F598F1FBF3AC400910891 /* LaunchScreen.storyboard in Resources */ = {isa = PBXBuildFile; fileRef = 001AA1811FB4977100A00BB9 /* LaunchScreen.storyboard */; };
		002F59901FBF3AC400910891 /* Main.storyboard in Resources */ = {isa = PBXBuildFile; fileRef = 001AA17C1FB4977100A00BB9 /* Main.storyboard */; };
		00328A951FC85919004648F9 /* PlayerView.swift in Sources */ = {isa = PBXBuildFile; fileRef = 00328A941FC85919004648F9 /* PlayerView.swift */; };
		00328A971FC85D84004648F9 /* EditorViewController.swift in Sources */ = {isa = PBXBuildFile; fileRef = 00328A961FC85D84004648F9 /* EditorViewController.swift */; };
		00328A9E1FC8BE1D004648F9 /* PlayerObserver.swift in Sources */ = {isa = PBXBuildFile; fileRef = 00328A9D1FC8BE1D004648F9 /* PlayerObserver.swift */; };
		0034AFF7240068C30041513F /* StorePaymentsManager.swift in Sources */ = {isa = PBXBuildFile; fileRef = 0034AFF6240068C30041513F /* StorePaymentsManager.swift */; };
		0034AFF8240068C30041513F /* StorePaymentsManager.swift in Sources */ = {isa = PBXBuildFile; fileRef = 0034AFF6240068C30041513F /* StorePaymentsManager.swift */; };
		0034AFFD240139E30041513F /* IceCreamViewController.swift in Sources */ = {isa = PBXBuildFile; fileRef = 0034AFFC240139E30041513F /* IceCreamViewController.swift */; };
		0034AFFE240139E30041513F /* IceCreamViewController.swift in Sources */ = {isa = PBXBuildFile; fileRef = 0034AFFC240139E30041513F /* IceCreamViewController.swift */; };
		0034B00024014DAE0041513F /* StoreKitUtilities.swift in Sources */ = {isa = PBXBuildFile; fileRef = 0034AFFF24014DAE0041513F /* StoreKitUtilities.swift */; };
		0034B00124014DAE0041513F /* StoreKitUtilities.swift in Sources */ = {isa = PBXBuildFile; fileRef = 0034AFFF24014DAE0041513F /* StoreKitUtilities.swift */; };
		00487D4123FD94A200CE8FAF /* ScrubbingIndicatorView.swift in Sources */ = {isa = PBXBuildFile; fileRef = 00487D4023FD94A200CE8FAF /* ScrubbingIndicatorView.swift */; };
		00487D4223FD94A200CE8FAF /* ScrubbingIndicatorView.swift in Sources */ = {isa = PBXBuildFile; fileRef = 00487D4023FD94A200CE8FAF /* ScrubbingIndicatorView.swift */; };
		0054936123E562E200F3E684 /* UIDevice.swift in Sources */ = {isa = PBXBuildFile; fileRef = 0054936023E562E200F3E684 /* UIDevice.swift */; };
		0054936223E562E600F3E684 /* UIDevice.swift in Sources */ = {isa = PBXBuildFile; fileRef = 0054936023E562E200F3E684 /* UIDevice.swift */; };
		0054936423E5631B00F3E684 /* About.swift in Sources */ = {isa = PBXBuildFile; fileRef = 0054936323E5631B00F3E684 /* About.swift */; };
		0054936523E5633700F3E684 /* About.swift in Sources */ = {isa = PBXBuildFile; fileRef = 0054936323E5631B00F3E684 /* About.swift */; };
		0054936723E5772D00F3E684 /* UISlider.swift in Sources */ = {isa = PBXBuildFile; fileRef = 0054936623E5772C00F3E684 /* UISlider.swift */; };
		0054936823E5777200F3E684 /* UISlider.swift in Sources */ = {isa = PBXBuildFile; fileRef = 0054936623E5772C00F3E684 /* UISlider.swift */; };
		0054936A23E852DE00F3E684 /* TimeSlider.swift in Sources */ = {isa = PBXBuildFile; fileRef = 0054936923E852DE00F3E684 /* TimeSlider.swift */; };
		0054936B23E852E200F3E684 /* TimeSlider.swift in Sources */ = {isa = PBXBuildFile; fileRef = 0054936923E852DE00F3E684 /* TimeSlider.swift */; };
		0058E354213D645900BE28DD /* ZoomTransitionTypes.swift in Sources */ = {isa = PBXBuildFile; fileRef = 0058E353213D645900BE28DD /* ZoomTransitionTypes.swift */; };
		0058E356213D9AE900BE28DD /* TransitionUtilities.swift in Sources */ = {isa = PBXBuildFile; fileRef = 0058E355213D9AE900BE28DD /* TransitionUtilities.swift */; };
		005E2AA320273C5800F731FA /* AlbumGridLayout.swift in Sources */ = {isa = PBXBuildFile; fileRef = 005E2AA220273C5800F731FA /* AlbumGridLayout.swift */; };
		005E2AA7202773F800F731FA /* PhotoLibraryAuthorizationController.swift in Sources */ = {isa = PBXBuildFile; fileRef = 005E2AA6202773F800F731FA /* PhotoLibraryAuthorizationController.swift */; };
		00653B40213923470038CB56 /* ZoomTransitionController.swift in Sources */ = {isa = PBXBuildFile; fileRef = 00653B3F213923460038CB56 /* ZoomTransitionController.swift */; };
		00653B43213941A20038CB56 /* ZoomPushTransition.swift in Sources */ = {isa = PBXBuildFile; fileRef = 00653B42213941A20038CB56 /* ZoomPushTransition.swift */; };
		00653B452139E1680038CB56 /* AlbumViewController+Transition.swift in Sources */ = {isa = PBXBuildFile; fileRef = 00653B442139E1680038CB56 /* AlbumViewController+Transition.swift */; };
		006F8F7E202DD5A100CD93DB /* RepeatingButton.swift in Sources */ = {isa = PBXBuildFile; fileRef = 006F8F7D202DD5A100CD93DB /* RepeatingButton.swift */; };
		007208971FBF7C920046F389 /* UICollectionView.swift in Sources */ = {isa = PBXBuildFile; fileRef = 007208961FBF7C920046F389 /* UICollectionView.swift */; };
		0072089B1FBF87B20046F389 /* AlbumCollectionViewDataSource.swift in Sources */ = {isa = PBXBuildFile; fileRef = 0072089A1FBF87B20046F389 /* AlbumCollectionViewDataSource.swift */; };
		00730EA6214FEA5A001A6EA7 /* VideoCell.swift in Sources */ = {isa = PBXBuildFile; fileRef = 001AA1BB1FB4A71F00A00BB9 /* VideoCell.swift */; };
		00730EA7214FEA5A001A6EA7 /* AlbumsLayout.swift in Sources */ = {isa = PBXBuildFile; fileRef = 00AA20222136C93100084B08 /* AlbumsLayout.swift */; };
		00730EA8214FEA5A001A6EA7 /* ZoomPushTransition.swift in Sources */ = {isa = PBXBuildFile; fileRef = 00653B42213941A20038CB56 /* ZoomPushTransition.swift */; };
		00730EA9214FEA5A001A6EA7 /* FetchedAlbum+Fetch.swift in Sources */ = {isa = PBXBuildFile; fileRef = 00266208212BFBC900786797 /* FetchedAlbum+Fetch.swift */; };
		00730EAA214FEA5A001A6EA7 /* AlbumsViewController.swift in Sources */ = {isa = PBXBuildFile; fileRef = 00A9DF5121273FA000778885 /* AlbumsViewController.swift */; };
		00730EAC214FEA5A001A6EA7 /* FetchedAlbum.swift in Sources */ = {isa = PBXBuildFile; fileRef = 00F3C256213058FE0030B7EC /* FetchedAlbum.swift */; };
		00730EAD214FEA5A001A6EA7 /* AlbumsHeader.swift in Sources */ = {isa = PBXBuildFile; fileRef = 00F3C254213046CD0030B7EC /* AlbumsHeader.swift */; };
		00730EAE214FEA5A001A6EA7 /* Bundle.swift in Sources */ = {isa = PBXBuildFile; fileRef = 0096E812212F2EF8008395CA /* Bundle.swift */; };
		00730EAF214FEA5A001A6EA7 /* CGSize.swift in Sources */ = {isa = PBXBuildFile; fileRef = 00C098D81FC1A7D3000B05FE /* CGSize.swift */; };
		00730EB0214FEA5A001A6EA7 /* ProgressView.swift in Sources */ = {isa = PBXBuildFile; fileRef = 001A6C5020623B0000B91F3A /* ProgressView.swift */; };
		00730EB1214FEA5A001A6EA7 /* Settings.swift in Sources */ = {isa = PBXBuildFile; fileRef = 0096E814212F2FA7008395CA /* Settings.swift */; };
		00730EB4214FEA5A001A6EA7 /* PlayerSeeker.swift in Sources */ = {isa = PBXBuildFile; fileRef = 00EAFD9E205FB2F10031F8A2 /* PlayerSeeker.swift */; };
		00730EB5214FEA5A001A6EA7 /* Alerts.swift in Sources */ = {isa = PBXBuildFile; fileRef = 00AFE4F820289AD6005E2AA8 /* Alerts.swift */; };
		00730EB6214FEA5A001A6EA7 /* FetchingPhotos.swift in Sources */ = {isa = PBXBuildFile; fileRef = 00AFE4F32027A03F005E2AA8 /* FetchingPhotos.swift */; };
		00730EB7214FEA5A001A6EA7 /* PHImageManager.swift in Sources */ = {isa = PBXBuildFile; fileRef = 00C098EA1FC477E5000B05FE /* PHImageManager.swift */; };
		00730EB8214FEA5A001A6EA7 /* ZoomTransitionController.swift in Sources */ = {isa = PBXBuildFile; fileRef = 00653B3F213923460038CB56 /* ZoomTransitionController.swift */; };
		00730EB9214FEA5A001A6EA7 /* Coordinator.swift in Sources */ = {isa = PBXBuildFile; fileRef = 00BAFCA5205EA49B00BCEE69 /* Coordinator.swift */; };
		00730EBA214FEA5A001A6EA7 /* PhotoLibraryAuthorizationController.swift in Sources */ = {isa = PBXBuildFile; fileRef = 005E2AA6202773F800F731FA /* PhotoLibraryAuthorizationController.swift */; };
		00730EBB214FEA5A001A6EA7 /* AnyAlbum.swift in Sources */ = {isa = PBXBuildFile; fileRef = 00EA2C672142988F002E1266 /* AnyAlbum.swift */; };
		00730EBC214FEA5A001A6EA7 /* AlbumCell.swift in Sources */ = {isa = PBXBuildFile; fileRef = 00A9DF542127635C00778885 /* AlbumCell.swift */; };
		00730EBD214FEA5A001A6EA7 /* EditorViewController.swift in Sources */ = {isa = PBXBuildFile; fileRef = 00328A961FC85D84004648F9 /* EditorViewController.swift */; };
		00730EBE214FEA5A001A6EA7 /* AppDelegate.swift in Sources */ = {isa = PBXBuildFile; fileRef = 001AA1781FB4977100A00BB9 /* AppDelegate.swift */; };
		00730EC1214FEA5A001A6EA7 /* CMTime.swift in Sources */ = {isa = PBXBuildFile; fileRef = 00C098D61FC1A7CB000B05FE /* CMTime.swift */; };
		00730EC2214FEA5A001A6EA7 /* AlbumsCollectionViewDataSource.swift in Sources */ = {isa = PBXBuildFile; fileRef = 00F3867E212AA38E0089A473 /* AlbumsCollectionViewDataSource.swift */; };
		00730EC3214FEA5A001A6EA7 /* ZoomingPlayerView.swift in Sources */ = {isa = PBXBuildFile; fileRef = 008426981FD5CAC300F4119D /* ZoomingPlayerView.swift */; };
		00730EC4214FEA5A001A6EA7 /* ZoomTransitionTypes.swift in Sources */ = {isa = PBXBuildFile; fileRef = 0058E353213D645900BE28DD /* ZoomTransitionTypes.swift */; };
		00730EC5214FEA5A001A6EA7 /* AlbumsDataSource.swift in Sources */ = {isa = PBXBuildFile; fileRef = 0026620B212C4A6B00786797 /* AlbumsDataSource.swift */; };
		00730EC6214FEA5A001A6EA7 /* EditorToolbar.swift in Sources */ = {isa = PBXBuildFile; fileRef = 00EAFD99205ED32B0031F8A2 /* EditorToolbar.swift */; };
		00730EC9214FEA5A001A6EA7 /* AlbumGridLayout.swift in Sources */ = {isa = PBXBuildFile; fileRef = 005E2AA220273C5800F731FA /* AlbumGridLayout.swift */; };
		00730ECA214FEA5A001A6EA7 /* UICollectionView.swift in Sources */ = {isa = PBXBuildFile; fileRef = 007208961FBF7C920046F389 /* UICollectionView.swift */; };
		00730ECB214FEA5A001A6EA7 /* AlbumViewController.swift in Sources */ = {isa = PBXBuildFile; fileRef = 001AA1991FB498C700A00BB9 /* AlbumViewController.swift */; };
		00730ECC214FEA5A001A6EA7 /* CGImage.swift in Sources */ = {isa = PBXBuildFile; fileRef = 00E713592125E2940052EAF8 /* CGImage.swift */; };
		00730ECD214FEA5A001A6EA7 /* MappedFetchResult.swift in Sources */ = {isa = PBXBuildFile; fileRef = 00EA2C652141C7C7002E1266 /* MappedFetchResult.swift */; };
		00730ECE214FEA5A001A6EA7 /* Style.swift in Sources */ = {isa = PBXBuildFile; fileRef = 00C8763D1FB60DB600B5D7A3 /* Style.swift */; };
		00730ECF214FEA5A001A6EA7 /* RepeatingButton.swift in Sources */ = {isa = PBXBuildFile; fileRef = 006F8F7D202DD5A100CD93DB /* RepeatingButton.swift */; };
		00730ED0214FEA5A001A6EA7 /* PHPhotoLibrary.swift in Sources */ = {isa = PBXBuildFile; fileRef = 00C098D41FC1A7C2000B05FE /* PHPhotoLibrary.swift */; };
		00730ED1214FEA5A001A6EA7 /* MappedFetchResult+Change.swift in Sources */ = {isa = PBXBuildFile; fileRef = 00EA2C692142B20E002E1266 /* MappedFetchResult+Change.swift */; };
		00730ED2214FEA5A001A6EA7 /* VideoController.swift in Sources */ = {isa = PBXBuildFile; fileRef = 00C876431FB9D0F400B5D7A3 /* VideoController.swift */; };
		00730ED3214FEA5A001A6EA7 /* Album.swift in Sources */ = {isa = PBXBuildFile; fileRef = 0015537E2129C8CF00F58CEE /* Album.swift */; };
		00730ED4214FEA5A001A6EA7 /* AlbumCollectionViewDataSource.swift in Sources */ = {isa = PBXBuildFile; fileRef = 0072089A1FBF87B20046F389 /* AlbumCollectionViewDataSource.swift */; };
		00730ED5214FEA5A001A6EA7 /* PlayerObserver.swift in Sources */ = {isa = PBXBuildFile; fileRef = 00328A9D1FC8BE1D004648F9 /* PlayerObserver.swift */; };
		00730ED6214FEA5A001A6EA7 /* PlayerView.swift in Sources */ = {isa = PBXBuildFile; fileRef = 00328A941FC85919004648F9 /* PlayerView.swift */; };
		00730ED7214FEA5A001A6EA7 /* TransitionUtilities.swift in Sources */ = {isa = PBXBuildFile; fileRef = 0058E355213D9AE900BE28DD /* TransitionUtilities.swift */; };
		00730EDA214FEA5A001A6EA7 /* GradientView.swift in Sources */ = {isa = PBXBuildFile; fileRef = 00C8763B1FB5A1F600B5D7A3 /* GradientView.swift */; };
		00730EDB214FEA5A001A6EA7 /* Formatters.swift in Sources */ = {isa = PBXBuildFile; fileRef = 0020D2ED1FB4E512002379D0 /* Formatters.swift */; };
		00730EDC214FEA5A001A6EA7 /* AlbumViewController+Transition.swift in Sources */ = {isa = PBXBuildFile; fileRef = 00653B442139E1680038CB56 /* AlbumViewController+Transition.swift */; };
		00730EDD214FEA5A001A6EA7 /* FetchedAlbum+Change.swift in Sources */ = {isa = PBXBuildFile; fileRef = 00229DB7212D978A00848CE8 /* FetchedAlbum+Change.swift */; };
		00730EDE214FEA5A001A6EA7 /* PlaybackController.swift in Sources */ = {isa = PBXBuildFile; fileRef = 00B264551FD090B300A6C3C3 /* PlaybackController.swift */; };
		00730EE1214FEA5A001A6EA7 /* Localizable.strings in Resources */ = {isa = PBXBuildFile; fileRef = 00AA201F213432B400084B08 /* Localizable.strings */; };
		00730EE2214FEA5A001A6EA7 /* LaunchScreen.storyboard in Resources */ = {isa = PBXBuildFile; fileRef = 001AA1811FB4977100A00BB9 /* LaunchScreen.storyboard */; };
		00730EE3214FEA5A001A6EA7 /* InfoPlist.strings in Resources */ = {isa = PBXBuildFile; fileRef = 00AA201C213432B400084B08 /* InfoPlist.strings */; };
		00730EE4214FEA5A001A6EA7 /* Main.storyboard in Resources */ = {isa = PBXBuildFile; fileRef = 001AA17C1FB4977100A00BB9 /* Main.storyboard */; };
		00730EE5214FEA5A001A6EA7 /* Assets.xcassets in Resources */ = {isa = PBXBuildFile; fileRef = 001AA17F1FB4977100A00BB9 /* Assets.xcassets */; };
		0073D56324000E99008CABC3 /* StoreKit.framework in Frameworks */ = {isa = PBXBuildFile; fileRef = 0073D56224000E99008CABC3 /* StoreKit.framework */; };
		0073D56424000EA3008CABC3 /* StoreKit.framework in Frameworks */ = {isa = PBXBuildFile; fileRef = 0073D56224000E99008CABC3 /* StoreKit.framework */; };
		00777D4523F6E73600D94F80 /* VideoType.swift in Sources */ = {isa = PBXBuildFile; fileRef = 00777D4423F6E73600D94F80 /* VideoType.swift */; };
		00777D4623F6E73600D94F80 /* VideoType.swift in Sources */ = {isa = PBXBuildFile; fileRef = 00777D4423F6E73600D94F80 /* VideoType.swift */; };
		0078A45523F4AD700033E81C /* CircularProgressView.swift in Sources */ = {isa = PBXBuildFile; fileRef = 0078A45423F4AD700033E81C /* CircularProgressView.swift */; };
		0078A45623F4AD700033E81C /* CircularProgressView.swift in Sources */ = {isa = PBXBuildFile; fileRef = 0078A45423F4AD700033E81C /* CircularProgressView.swift */; };
		008426991FD5CAC300F4119D /* ZoomingPlayerView.swift in Sources */ = {isa = PBXBuildFile; fileRef = 008426981FD5CAC300F4119D /* ZoomingPlayerView.swift */; };
		0086A6B22344CD7100989646 /* FileManager.swift in Sources */ = {isa = PBXBuildFile; fileRef = 0086A6B12344CD7100989646 /* FileManager.swift */; };
		0086A6B32344CD7100989646 /* FileManager.swift in Sources */ = {isa = PBXBuildFile; fileRef = 0086A6B12344CD7100989646 /* FileManager.swift */; };
		0086A6B523450DD100989646 /* AVAssetImageGenerator.swift in Sources */ = {isa = PBXBuildFile; fileRef = 0086A6B423450DD100989646 /* AVAssetImageGenerator.swift */; };
		0086A6B623450DD100989646 /* AVAssetImageGenerator.swift in Sources */ = {isa = PBXBuildFile; fileRef = 0086A6B423450DD100989646 /* AVAssetImageGenerator.swift */; };
		008A48D723479D7300CEAA26 /* ImageEncoding.swift in Sources */ = {isa = PBXBuildFile; fileRef = 008A48D623479D7300CEAA26 /* ImageEncoding.swift */; };
		008A48D823479D7300CEAA26 /* ImageEncoding.swift in Sources */ = {isa = PBXBuildFile; fileRef = 008A48D623479D7300CEAA26 /* ImageEncoding.swift */; };
		0096E813212F2EF8008395CA /* Bundle.swift in Sources */ = {isa = PBXBuildFile; fileRef = 0096E812212F2EF8008395CA /* Bundle.swift */; };
		0096E815212F2FA7008395CA /* Settings.swift in Sources */ = {isa = PBXBuildFile; fileRef = 0096E814212F2FA7008395CA /* Settings.swift */; };
		009BEA43234E152E00C284FA /* FrameExport.swift in Sources */ = {isa = PBXBuildFile; fileRef = 009BEA42234E152E00C284FA /* FrameExport.swift */; };
		009BEA44234E152E00C284FA /* FrameExport.swift in Sources */ = {isa = PBXBuildFile; fileRef = 009BEA42234E152E00C284FA /* FrameExport.swift */; };
		009BEA46234E17E900C284FA /* FrameExportTask.swift in Sources */ = {isa = PBXBuildFile; fileRef = 009BEA45234E17E900C284FA /* FrameExportTask.swift */; };
		009BEA47234E17E900C284FA /* FrameExportTask.swift in Sources */ = {isa = PBXBuildFile; fileRef = 009BEA45234E17E900C284FA /* FrameExportTask.swift */; };
		009BEA49234E243D00C284FA /* dprint.swift in Sources */ = {isa = PBXBuildFile; fileRef = 009BEA48234E243D00C284FA /* dprint.swift */; };
		009BEA4A234E243D00C284FA /* dprint.swift in Sources */ = {isa = PBXBuildFile; fileRef = 009BEA48234E243D00C284FA /* dprint.swift */; };
		009C65751FBF337300DB25A6 /* AppDelegate.swift in Sources */ = {isa = PBXBuildFile; fileRef = 001AA1781FB4977100A00BB9 /* AppDelegate.swift */; };
		009C657A1FBF338900DB25A6 /* AlbumViewController.swift in Sources */ = {isa = PBXBuildFile; fileRef = 001AA1991FB498C700A00BB9 /* AlbumViewController.swift */; };
		009C657B1FBF338900DB25A6 /* VideoCell.swift in Sources */ = {isa = PBXBuildFile; fileRef = 001AA1BB1FB4A71F00A00BB9 /* VideoCell.swift */; };
		009C657D1FBF338900DB25A6 /* GradientView.swift in Sources */ = {isa = PBXBuildFile; fileRef = 00C8763B1FB5A1F600B5D7A3 /* GradientView.swift */; };
		009C65851FBF339E00DB25A6 /* VideoController.swift in Sources */ = {isa = PBXBuildFile; fileRef = 00C876431FB9D0F400B5D7A3 /* VideoController.swift */; };
		009C65871FBF33A300DB25A6 /* Style.swift in Sources */ = {isa = PBXBuildFile; fileRef = 00C8763D1FB60DB600B5D7A3 /* Style.swift */; };
		009C65891FBF33A300DB25A6 /* Formatters.swift in Sources */ = {isa = PBXBuildFile; fileRef = 0020D2ED1FB4E512002379D0 /* Formatters.swift */; };
		009C658B1FBF33AC00DB25A6 /* Assets.xcassets in Resources */ = {isa = PBXBuildFile; fileRef = 001AA17F1FB4977100A00BB9 /* Assets.xcassets */; };
		009E1863233DD403008100D5 /* VideoDetailViewController.swift in Sources */ = {isa = PBXBuildFile; fileRef = 009E1862233DD403008100D5 /* VideoDetailViewController.swift */; };
		009E1864233DD40B008100D5 /* VideoDetailViewController.swift in Sources */ = {isa = PBXBuildFile; fileRef = 009E1862233DD403008100D5 /* VideoDetailViewController.swift */; };
		00A9DF5221273FA000778885 /* AlbumsViewController.swift in Sources */ = {isa = PBXBuildFile; fileRef = 00A9DF5121273FA000778885 /* AlbumsViewController.swift */; };
		00A9DF552127635C00778885 /* AlbumCell.swift in Sources */ = {isa = PBXBuildFile; fileRef = 00A9DF542127635C00778885 /* AlbumCell.swift */; };
		00AA201E213432B400084B08 /* InfoPlist.strings in Resources */ = {isa = PBXBuildFile; fileRef = 00AA201C213432B400084B08 /* InfoPlist.strings */; };
		00AA2021213432B400084B08 /* Localizable.strings in Resources */ = {isa = PBXBuildFile; fileRef = 00AA201F213432B400084B08 /* Localizable.strings */; };
		00AA20232136C93100084B08 /* AlbumsLayout.swift in Sources */ = {isa = PBXBuildFile; fileRef = 00AA20222136C93100084B08 /* AlbumsLayout.swift */; };
		00AFE4F42027A03F005E2AA8 /* FetchingPhotos.swift in Sources */ = {isa = PBXBuildFile; fileRef = 00AFE4F32027A03F005E2AA8 /* FetchingPhotos.swift */; };
		00AFE4F920289AD6005E2AA8 /* Alerts.swift in Sources */ = {isa = PBXBuildFile; fileRef = 00AFE4F820289AD6005E2AA8 /* Alerts.swift */; };
		00B264561FD090B300A6C3C3 /* PlaybackController.swift in Sources */ = {isa = PBXBuildFile; fileRef = 00B264551FD090B300A6C3C3 /* PlaybackController.swift */; };
		00BAFCA6205EA49B00BCEE69 /* Coordinator.swift in Sources */ = {isa = PBXBuildFile; fileRef = 00BAFCA5205EA49B00BCEE69 /* Coordinator.swift */; };
		00BD29202400565A00FF1B1F /* StoreProductsManager.swift in Sources */ = {isa = PBXBuildFile; fileRef = 00BD291F2400565A00FF1B1F /* StoreProductsManager.swift */; };
		00BD29212400565A00FF1B1F /* StoreProductsManager.swift in Sources */ = {isa = PBXBuildFile; fileRef = 00BD291F2400565A00FF1B1F /* StoreProductsManager.swift */; };
		00C098D51FC1A7C2000B05FE /* PHPhotoLibrary.swift in Sources */ = {isa = PBXBuildFile; fileRef = 00C098D41FC1A7C2000B05FE /* PHPhotoLibrary.swift */; };
		00C098D71FC1A7CB000B05FE /* CMTime.swift in Sources */ = {isa = PBXBuildFile; fileRef = 00C098D61FC1A7CB000B05FE /* CMTime.swift */; };
		00C098D91FC1A7D3000B05FE /* CGSize.swift in Sources */ = {isa = PBXBuildFile; fileRef = 00C098D81FC1A7D3000B05FE /* CGSize.swift */; };
		00C098EB1FC477E5000B05FE /* PHImageManager.swift in Sources */ = {isa = PBXBuildFile; fileRef = 00C098EA1FC477E5000B05FE /* PHImageManager.swift */; };
		00CB8124234CE05400354E03 /* NavigationController.swift in Sources */ = {isa = PBXBuildFile; fileRef = 00CB8123234CE05400354E03 /* NavigationController.swift */; };
		00CB8125234CE05800354E03 /* NavigationController.swift in Sources */ = {isa = PBXBuildFile; fileRef = 00CB8123234CE05400354E03 /* NavigationController.swift */; };
		00CD76FB23F6C0DC00F78C56 /* PHAssetResourceManager.swift in Sources */ = {isa = PBXBuildFile; fileRef = 00CD76FA23F6C0DC00F78C56 /* PHAssetResourceManager.swift */; };
		00CD76FC23F6C0DC00F78C56 /* PHAssetResourceManager.swift in Sources */ = {isa = PBXBuildFile; fileRef = 00CD76FA23F6C0DC00F78C56 /* PHAssetResourceManager.swift */; };
		00CF4BC923F208C4006DB612 /* CachingGeocodingLocationFormatter.swift in Sources */ = {isa = PBXBuildFile; fileRef = 00CF4BC823F208C4006DB612 /* CachingGeocodingLocationFormatter.swift */; };
		00CF4BCA23F208C4006DB612 /* CachingGeocodingLocationFormatter.swift in Sources */ = {isa = PBXBuildFile; fileRef = 00CF4BC823F208C4006DB612 /* CachingGeocodingLocationFormatter.swift */; };
		00D9E83323424A07009E7AFA /* UIFont.swift in Sources */ = {isa = PBXBuildFile; fileRef = 00D9E83223424A07009E7AFA /* UIFont.swift */; };
		00D9E83423424A07009E7AFA /* UIFont.swift in Sources */ = {isa = PBXBuildFile; fileRef = 00D9E83223424A07009E7AFA /* UIFont.swift */; };
		00D9E83723426301009E7AFA /* VideoDetail.storyboard in Resources */ = {isa = PBXBuildFile; fileRef = 00D9E83523426301009E7AFA /* VideoDetail.storyboard */; };
		00D9E83823426301009E7AFA /* VideoDetail.storyboard in Resources */ = {isa = PBXBuildFile; fileRef = 00D9E83523426301009E7AFA /* VideoDetail.storyboard */; };
		00E7135A2125E2940052EAF8 /* CGImage.swift in Sources */ = {isa = PBXBuildFile; fileRef = 00E713592125E2940052EAF8 /* CGImage.swift */; };
		00EA2C662141C7C7002E1266 /* MappedFetchResult.swift in Sources */ = {isa = PBXBuildFile; fileRef = 00EA2C652141C7C7002E1266 /* MappedFetchResult.swift */; };
		00EA2C682142988F002E1266 /* AnyAlbum.swift in Sources */ = {isa = PBXBuildFile; fileRef = 00EA2C672142988F002E1266 /* AnyAlbum.swift */; };
		00EA2C6A2142B20E002E1266 /* MappedFetchResult+Change.swift in Sources */ = {isa = PBXBuildFile; fileRef = 00EA2C692142B20E002E1266 /* MappedFetchResult+Change.swift */; };
		00EAFD9A205ED32B0031F8A2 /* EditorToolbar.swift in Sources */ = {isa = PBXBuildFile; fileRef = 00EAFD99205ED32B0031F8A2 /* EditorToolbar.swift */; };
		00EAFD9F205FB2F20031F8A2 /* PlayerSeeker.swift in Sources */ = {isa = PBXBuildFile; fileRef = 00EAFD9E205FB2F10031F8A2 /* PlayerSeeker.swift */; };
		00EDF97823409EC800FA0F48 /* VideoDetailSectionHeader.xib in Resources */ = {isa = PBXBuildFile; fileRef = 00EDF97723409EC800FA0F48 /* VideoDetailSectionHeader.xib */; };
		00EDF97923409ED900FA0F48 /* VideoDetailSectionHeader.xib in Resources */ = {isa = PBXBuildFile; fileRef = 00EDF97723409EC800FA0F48 /* VideoDetailSectionHeader.xib */; };
		00EDF97B2340A17400FA0F48 /* VideoDetailSectionHeader.swift in Sources */ = {isa = PBXBuildFile; fileRef = 00EDF97A2340A17400FA0F48 /* VideoDetailSectionHeader.swift */; };
		00EDF97D2340A1EE00FA0F48 /* VideoDetailSectionHeader.swift in Sources */ = {isa = PBXBuildFile; fileRef = 00EDF97A2340A17400FA0F48 /* VideoDetailSectionHeader.swift */; };
		00EDF97F2340A28900FA0F48 /* RawRepresentable.swift in Sources */ = {isa = PBXBuildFile; fileRef = 00EDF97E2340A28900FA0F48 /* RawRepresentable.swift */; };
		00EDF9802340A2CC00FA0F48 /* RawRepresentable.swift in Sources */ = {isa = PBXBuildFile; fileRef = 00EDF97E2340A28900FA0F48 /* RawRepresentable.swift */; };
		00EDF98223422B5A00FA0F48 /* NSObject.swift in Sources */ = {isa = PBXBuildFile; fileRef = 00EDF98123422B5A00FA0F48 /* NSObject.swift */; };
		00EDF98323422B5A00FA0F48 /* NSObject.swift in Sources */ = {isa = PBXBuildFile; fileRef = 00EDF98123422B5A00FA0F48 /* NSObject.swift */; };
		00F3867F212AA38E0089A473 /* AlbumsCollectionViewDataSource.swift in Sources */ = {isa = PBXBuildFile; fileRef = 00F3867E212AA38E0089A473 /* AlbumsCollectionViewDataSource.swift */; };
		00F3C255213046CD0030B7EC /* AlbumsHeader.swift in Sources */ = {isa = PBXBuildFile; fileRef = 00F3C254213046CD0030B7EC /* AlbumsHeader.swift */; };
		00F3C257213058FE0030B7EC /* FetchedAlbum.swift in Sources */ = {isa = PBXBuildFile; fileRef = 00F3C256213058FE0030B7EC /* FetchedAlbum.swift */; };
		00F85F1023FA8A040037961E /* EmptyAlbumView.swift in Sources */ = {isa = PBXBuildFile; fileRef = 00F85F0F23FA8A040037961E /* EmptyAlbumView.swift */; };
		00F85F1123FA8A040037961E /* EmptyAlbumView.swift in Sources */ = {isa = PBXBuildFile; fileRef = 00F85F0F23FA8A040037961E /* EmptyAlbumView.swift */; };
/* End PBXBuildFile section */

/* Begin PBXFileReference section */
		00024F6C23447EDF00937941 /* PHAsset.swift */ = {isa = PBXFileReference; fileEncoding = 4; lastKnownFileType = sourcecode.swift; path = PHAsset.swift; sourceTree = "<group>"; };
		00024F6F234482EE00937941 /* AlbumContextMenuActions.swift */ = {isa = PBXFileReference; lastKnownFileType = sourcecode.swift; path = AlbumContextMenuActions.swift; sourceTree = "<group>"; };
		00024F752344C06F00937941 /* AVAsset.swift */ = {isa = PBXFileReference; fileEncoding = 4; lastKnownFileType = sourcecode.swift; path = AVAsset.swift; sourceTree = "<group>"; };
		00109CCB23FD239400B79F58 /* AlbumIcons.swift */ = {isa = PBXFileReference; lastKnownFileType = sourcecode.swift; path = AlbumIcons.swift; sourceTree = "<group>"; };
		00142EA723EB1737000BEC63 /* ZoomPopTransition.swift */ = {isa = PBXFileReference; lastKnownFileType = sourcecode.swift; path = ZoomPopTransition.swift; sourceTree = "<group>"; };
		0015537E2129C8CF00F58CEE /* Album.swift */ = {isa = PBXFileReference; lastKnownFileType = sourcecode.swift; path = Album.swift; sourceTree = "<group>"; };
		001640FF23E9B8440071687B /* ScrubbingSlider.swift */ = {isa = PBXFileReference; lastKnownFileType = sourcecode.swift; name = ScrubbingSlider.swift; path = "Frame Grabber/Views/ScrubbingSlider.swift"; sourceTree = SOURCE_ROOT; };
		001888F423FDBCA800A49500 /* VideoTypeFilterControl.swift */ = {isa = PBXFileReference; lastKnownFileType = sourcecode.swift; name = VideoTypeFilterControl.swift; path = "Frame Grabber/Album/VideoTypeFilterControl.swift"; sourceTree = SOURCE_ROOT; };
		001A6C4B20600E1A00B91F3A /* README.md */ = {isa = PBXFileReference; lastKnownFileType = net.daringfireball.markdown; path = README.md; sourceTree = SOURCE_ROOT; };
		001A6C5020623B0000B91F3A /* ProgressView.swift */ = {isa = PBXFileReference; lastKnownFileType = sourcecode.swift; path = ProgressView.swift; sourceTree = "<group>"; };
		001AA1781FB4977100A00BB9 /* AppDelegate.swift */ = {isa = PBXFileReference; lastKnownFileType = sourcecode.swift; path = AppDelegate.swift; sourceTree = "<group>"; };
		001AA17D1FB4977100A00BB9 /* Base */ = {isa = PBXFileReference; lastKnownFileType = file.storyboard; name = Base; path = Base.lproj/Main.storyboard; sourceTree = "<group>"; };
		001AA17F1FB4977100A00BB9 /* Assets.xcassets */ = {isa = PBXFileReference; lastKnownFileType = folder.assetcatalog; path = Assets.xcassets; sourceTree = "<group>"; };
		001AA1821FB4977100A00BB9 /* Base */ = {isa = PBXFileReference; lastKnownFileType = file.storyboard; name = Base; path = Base.lproj/LaunchScreen.storyboard; sourceTree = "<group>"; };
		001AA1841FB4977100A00BB9 /* Info.plist */ = {isa = PBXFileReference; lastKnownFileType = text.plist.xml; path = Info.plist; sourceTree = "<group>"; };
		001AA1991FB498C700A00BB9 /* AlbumViewController.swift */ = {isa = PBXFileReference; lastKnownFileType = sourcecode.swift; path = AlbumViewController.swift; sourceTree = "<group>"; };
		001AA1BB1FB4A71F00A00BB9 /* VideoCell.swift */ = {isa = PBXFileReference; lastKnownFileType = sourcecode.swift; path = VideoCell.swift; sourceTree = "<group>"; };
		001E825C2403B0A300388E62 /* AboutContainerViewController.swift */ = {isa = PBXFileReference; lastKnownFileType = sourcecode.swift; path = AboutContainerViewController.swift; sourceTree = "<group>"; };
		001E825F2403D7ED00388E62 /* ActivityButton.swift */ = {isa = PBXFileReference; lastKnownFileType = sourcecode.swift; path = ActivityButton.swift; sourceTree = "<group>"; };
		0020D2ED1FB4E512002379D0 /* Formatters.swift */ = {isa = PBXFileReference; lastKnownFileType = sourcecode.swift; path = Formatters.swift; sourceTree = "<group>"; };
		00229DB7212D978A00848CE8 /* FetchedAlbum+Change.swift */ = {isa = PBXFileReference; lastKnownFileType = sourcecode.swift; path = "FetchedAlbum+Change.swift"; sourceTree = "<group>"; };
		0023FC8E23390D940046D9F8 /* Base */ = {isa = PBXFileReference; lastKnownFileType = file.storyboard; name = Base; path = "Frame Grabber/Base.lproj/About.storyboard"; sourceTree = "<group>"; };
		0023FC92233910DD0046D9F8 /* de */ = {isa = PBXFileReference; lastKnownFileType = text.plist.strings; name = de; path = "Frame Grabber/de.lproj/About.strings"; sourceTree = "<group>"; };
		0023FC98233911B10046D9F8 /* Base */ = {isa = PBXFileReference; lastKnownFileType = file.storyboard; name = Base; path = Base.lproj/Authorization.storyboard; sourceTree = "<group>"; };
		0023FC9B233911BA0046D9F8 /* de */ = {isa = PBXFileReference; lastKnownFileType = text.plist.strings; name = de; path = de.lproj/Authorization.strings; sourceTree = "<group>"; };
		0023FC9E233A0E4C0046D9F8 /* ExportOptionsViewController.swift */ = {isa = PBXFileReference; lastKnownFileType = sourcecode.swift; path = ExportOptionsViewController.swift; sourceTree = "<group>"; };
		0023FCA1233A25DC0046D9F8 /* ImageFormat.swift */ = {isa = PBXFileReference; lastKnownFileType = sourcecode.swift; path = ImageFormat.swift; sourceTree = "<group>"; };
		0023FCA4233A42150046D9F8 /* AboutTableViewController.swift */ = {isa = PBXFileReference; lastKnownFileType = sourcecode.swift; path = AboutTableViewController.swift; sourceTree = "<group>"; };
		00266208212BFBC900786797 /* FetchedAlbum+Fetch.swift */ = {isa = PBXFileReference; lastKnownFileType = sourcecode.swift; path = "FetchedAlbum+Fetch.swift"; sourceTree = "<group>"; };
		0026620B212C4A6B00786797 /* AlbumsDataSource.swift */ = {isa = PBXFileReference; lastKnownFileType = sourcecode.swift; path = AlbumsDataSource.swift; sourceTree = "<group>"; };
		00328A941FC85919004648F9 /* PlayerView.swift */ = {isa = PBXFileReference; lastKnownFileType = sourcecode.swift; path = PlayerView.swift; sourceTree = "<group>"; };
		00328A961FC85D84004648F9 /* EditorViewController.swift */ = {isa = PBXFileReference; lastKnownFileType = sourcecode.swift; path = EditorViewController.swift; sourceTree = "<group>"; };
		00328A9D1FC8BE1D004648F9 /* PlayerObserver.swift */ = {isa = PBXFileReference; lastKnownFileType = sourcecode.swift; path = PlayerObserver.swift; sourceTree = "<group>"; };
		0034AFF6240068C30041513F /* StorePaymentsManager.swift */ = {isa = PBXFileReference; lastKnownFileType = sourcecode.swift; path = StorePaymentsManager.swift; sourceTree = "<group>"; };
		0034AFFC240139E30041513F /* IceCreamViewController.swift */ = {isa = PBXFileReference; lastKnownFileType = sourcecode.swift; path = IceCreamViewController.swift; sourceTree = "<group>"; };
		0034AFFF24014DAE0041513F /* StoreKitUtilities.swift */ = {isa = PBXFileReference; lastKnownFileType = sourcecode.swift; path = StoreKitUtilities.swift; sourceTree = "<group>"; };
		00487D4023FD94A200CE8FAF /* ScrubbingIndicatorView.swift */ = {isa = PBXFileReference; lastKnownFileType = sourcecode.swift; path = ScrubbingIndicatorView.swift; sourceTree = "<group>"; };
		0054936023E562E200F3E684 /* UIDevice.swift */ = {isa = PBXFileReference; lastKnownFileType = sourcecode.swift; name = UIDevice.swift; path = "Frame Grabber/Utilities/UIDevice.swift"; sourceTree = SOURCE_ROOT; };
		0054936323E5631B00F3E684 /* About.swift */ = {isa = PBXFileReference; lastKnownFileType = sourcecode.swift; name = About.swift; path = "Frame Grabber/Application/About.swift"; sourceTree = SOURCE_ROOT; };
		0054936623E5772C00F3E684 /* UISlider.swift */ = {isa = PBXFileReference; fileEncoding = 4; lastKnownFileType = sourcecode.swift; path = UISlider.swift; sourceTree = "<group>"; };
		0054936923E852DE00F3E684 /* TimeSlider.swift */ = {isa = PBXFileReference; lastKnownFileType = sourcecode.swift; name = TimeSlider.swift; path = "Frame Grabber/Views/TimeSlider.swift"; sourceTree = SOURCE_ROOT; };
		0058E353213D645900BE28DD /* ZoomTransitionTypes.swift */ = {isa = PBXFileReference; lastKnownFileType = sourcecode.swift; path = ZoomTransitionTypes.swift; sourceTree = "<group>"; };
		0058E355213D9AE900BE28DD /* TransitionUtilities.swift */ = {isa = PBXFileReference; lastKnownFileType = sourcecode.swift; path = TransitionUtilities.swift; sourceTree = "<group>"; };
		005E2AA220273C5800F731FA /* AlbumGridLayout.swift */ = {isa = PBXFileReference; lastKnownFileType = sourcecode.swift; path = AlbumGridLayout.swift; sourceTree = "<group>"; };
		005E2AA6202773F800F731FA /* PhotoLibraryAuthorizationController.swift */ = {isa = PBXFileReference; lastKnownFileType = sourcecode.swift; path = PhotoLibraryAuthorizationController.swift; sourceTree = "<group>"; };
		00653B3F213923460038CB56 /* ZoomTransitionController.swift */ = {isa = PBXFileReference; lastKnownFileType = sourcecode.swift; path = ZoomTransitionController.swift; sourceTree = "<group>"; };
		00653B42213941A20038CB56 /* ZoomPushTransition.swift */ = {isa = PBXFileReference; lastKnownFileType = sourcecode.swift; path = ZoomPushTransition.swift; sourceTree = "<group>"; };
		00653B442139E1680038CB56 /* AlbumViewController+Transition.swift */ = {isa = PBXFileReference; lastKnownFileType = sourcecode.swift; path = "AlbumViewController+Transition.swift"; sourceTree = "<group>"; };
		006F8F7D202DD5A100CD93DB /* RepeatingButton.swift */ = {isa = PBXFileReference; lastKnownFileType = sourcecode.swift; path = RepeatingButton.swift; sourceTree = "<group>"; };
		007208961FBF7C920046F389 /* UICollectionView.swift */ = {isa = PBXFileReference; lastKnownFileType = sourcecode.swift; path = UICollectionView.swift; sourceTree = "<group>"; };
		0072089A1FBF87B20046F389 /* AlbumCollectionViewDataSource.swift */ = {isa = PBXFileReference; lastKnownFileType = sourcecode.swift; path = AlbumCollectionViewDataSource.swift; sourceTree = "<group>"; };
		00730EEA214FEA5A001A6EA7 /* Frame Grabber Dev.app */ = {isa = PBXFileReference; explicitFileType = wrapper.application; includeInIndex = 0; path = "Frame Grabber Dev.app"; sourceTree = BUILT_PRODUCTS_DIR; };
		0073D56224000E99008CABC3 /* StoreKit.framework */ = {isa = PBXFileReference; lastKnownFileType = wrapper.framework; name = StoreKit.framework; path = System/Library/Frameworks/StoreKit.framework; sourceTree = SDKROOT; };
		00777D4423F6E73600D94F80 /* VideoType.swift */ = {isa = PBXFileReference; lastKnownFileType = sourcecode.swift; name = VideoType.swift; path = "Frame Grabber/Model/VideoType.swift"; sourceTree = SOURCE_ROOT; };
		0078A45423F4AD700033E81C /* CircularProgressView.swift */ = {isa = PBXFileReference; fileEncoding = 4; lastKnownFileType = sourcecode.swift; path = CircularProgressView.swift; sourceTree = "<group>"; };
		008426981FD5CAC300F4119D /* ZoomingPlayerView.swift */ = {isa = PBXFileReference; lastKnownFileType = sourcecode.swift; path = ZoomingPlayerView.swift; sourceTree = "<group>"; };
		0086A6B12344CD7100989646 /* FileManager.swift */ = {isa = PBXFileReference; lastKnownFileType = sourcecode.swift; path = FileManager.swift; sourceTree = "<group>"; };
		0086A6B423450DD100989646 /* AVAssetImageGenerator.swift */ = {isa = PBXFileReference; lastKnownFileType = sourcecode.swift; path = AVAssetImageGenerator.swift; sourceTree = "<group>"; };
		008A48D623479D7300CEAA26 /* ImageEncoding.swift */ = {isa = PBXFileReference; lastKnownFileType = sourcecode.swift; path = ImageEncoding.swift; sourceTree = "<group>"; };
		0096E812212F2EF8008395CA /* Bundle.swift */ = {isa = PBXFileReference; lastKnownFileType = sourcecode.swift; path = Bundle.swift; sourceTree = "<group>"; };
		0096E814212F2FA7008395CA /* Settings.swift */ = {isa = PBXFileReference; lastKnownFileType = sourcecode.swift; path = Settings.swift; sourceTree = "<group>"; };
		009BEA42234E152E00C284FA /* FrameExport.swift */ = {isa = PBXFileReference; lastKnownFileType = sourcecode.swift; path = FrameExport.swift; sourceTree = "<group>"; };
		009BEA45234E17E900C284FA /* FrameExportTask.swift */ = {isa = PBXFileReference; lastKnownFileType = sourcecode.swift; path = FrameExportTask.swift; sourceTree = "<group>"; };
		009BEA48234E243D00C284FA /* dprint.swift */ = {isa = PBXFileReference; fileEncoding = 4; lastKnownFileType = sourcecode.swift; path = dprint.swift; sourceTree = "<group>"; };
		009C65631FBF32A600DB25A6 /* Frame Grabber.app */ = {isa = PBXFileReference; explicitFileType = wrapper.application; includeInIndex = 0; path = "Frame Grabber.app"; sourceTree = BUILT_PRODUCTS_DIR; };
		009E1862233DD403008100D5 /* VideoDetailViewController.swift */ = {isa = PBXFileReference; lastKnownFileType = sourcecode.swift; path = VideoDetailViewController.swift; sourceTree = "<group>"; };
		00A9DF5121273FA000778885 /* AlbumsViewController.swift */ = {isa = PBXFileReference; lastKnownFileType = sourcecode.swift; path = AlbumsViewController.swift; sourceTree = "<group>"; };
		00A9DF542127635C00778885 /* AlbumCell.swift */ = {isa = PBXFileReference; lastKnownFileType = sourcecode.swift; path = AlbumCell.swift; sourceTree = "<group>"; };
		00AA201A213426AD00084B08 /* de */ = {isa = PBXFileReference; lastKnownFileType = text.plist.strings; name = de; path = de.lproj/LaunchScreen.strings; sourceTree = "<group>"; };
		00AA201B213426AD00084B08 /* de */ = {isa = PBXFileReference; lastKnownFileType = text.plist.strings; name = de; path = de.lproj/Main.strings; sourceTree = "<group>"; };
		00AA201D213432B400084B08 /* de */ = {isa = PBXFileReference; lastKnownFileType = text.plist.strings; name = de; path = de.lproj/InfoPlist.strings; sourceTree = "<group>"; };
		00AA2020213432B400084B08 /* de */ = {isa = PBXFileReference; lastKnownFileType = text.plist.strings; name = de; path = de.lproj/Localizable.strings; sourceTree = "<group>"; };
		00AA20222136C93100084B08 /* AlbumsLayout.swift */ = {isa = PBXFileReference; lastKnownFileType = sourcecode.swift; path = AlbumsLayout.swift; sourceTree = "<group>"; };
		00AFE4F32027A03F005E2AA8 /* FetchingPhotos.swift */ = {isa = PBXFileReference; lastKnownFileType = sourcecode.swift; path = FetchingPhotos.swift; sourceTree = "<group>"; };
		00AFE4F820289AD6005E2AA8 /* Alerts.swift */ = {isa = PBXFileReference; lastKnownFileType = sourcecode.swift; path = Alerts.swift; sourceTree = "<group>"; };
		00B264551FD090B300A6C3C3 /* PlaybackController.swift */ = {isa = PBXFileReference; lastKnownFileType = sourcecode.swift; path = PlaybackController.swift; sourceTree = "<group>"; };
		00BAFCA5205EA49B00BCEE69 /* Coordinator.swift */ = {isa = PBXFileReference; lastKnownFileType = sourcecode.swift; path = Coordinator.swift; sourceTree = "<group>"; };
		00BD291F2400565A00FF1B1F /* StoreProductsManager.swift */ = {isa = PBXFileReference; lastKnownFileType = sourcecode.swift; path = StoreProductsManager.swift; sourceTree = "<group>"; };
		00C098D41FC1A7C2000B05FE /* PHPhotoLibrary.swift */ = {isa = PBXFileReference; lastKnownFileType = sourcecode.swift; path = PHPhotoLibrary.swift; sourceTree = "<group>"; };
		00C098D61FC1A7CB000B05FE /* CMTime.swift */ = {isa = PBXFileReference; lastKnownFileType = sourcecode.swift; path = CMTime.swift; sourceTree = "<group>"; };
		00C098D81FC1A7D3000B05FE /* CGSize.swift */ = {isa = PBXFileReference; lastKnownFileType = sourcecode.swift; path = CGSize.swift; sourceTree = "<group>"; };
		00C098EA1FC477E5000B05FE /* PHImageManager.swift */ = {isa = PBXFileReference; lastKnownFileType = sourcecode.swift; path = PHImageManager.swift; sourceTree = "<group>"; };
		00C8763B1FB5A1F600B5D7A3 /* GradientView.swift */ = {isa = PBXFileReference; lastKnownFileType = sourcecode.swift; path = GradientView.swift; sourceTree = "<group>"; };
		00C8763D1FB60DB600B5D7A3 /* Style.swift */ = {isa = PBXFileReference; lastKnownFileType = sourcecode.swift; path = Style.swift; sourceTree = "<group>"; };
		00C876431FB9D0F400B5D7A3 /* VideoController.swift */ = {isa = PBXFileReference; lastKnownFileType = sourcecode.swift; path = VideoController.swift; sourceTree = "<group>"; };
		00CB8123234CE05400354E03 /* NavigationController.swift */ = {isa = PBXFileReference; lastKnownFileType = sourcecode.swift; name = NavigationController.swift; path = "Frame Grabber/Application/NavigationController.swift"; sourceTree = SOURCE_ROOT; };
		00CD76FA23F6C0DC00F78C56 /* PHAssetResourceManager.swift */ = {isa = PBXFileReference; lastKnownFileType = sourcecode.swift; path = PHAssetResourceManager.swift; sourceTree = "<group>"; };
		00CF4BC823F208C4006DB612 /* CachingGeocodingLocationFormatter.swift */ = {isa = PBXFileReference; lastKnownFileType = sourcecode.swift; path = CachingGeocodingLocationFormatter.swift; sourceTree = "<group>"; };
		00D9E83223424A07009E7AFA /* UIFont.swift */ = {isa = PBXFileReference; lastKnownFileType = sourcecode.swift; path = UIFont.swift; sourceTree = "<group>"; };
		00D9E83623426301009E7AFA /* Base */ = {isa = PBXFileReference; lastKnownFileType = file.storyboard; name = Base; path = "Frame Grabber/Base.lproj/VideoDetail.storyboard"; sourceTree = "<group>"; };
		00D9E83A2342639C009E7AFA /* de */ = {isa = PBXFileReference; lastKnownFileType = text.plist.strings; name = de; path = "Frame Grabber/de.lproj/VideoDetail.strings"; sourceTree = "<group>"; };
		00E713592125E2940052EAF8 /* CGImage.swift */ = {isa = PBXFileReference; lastKnownFileType = sourcecode.swift; path = CGImage.swift; sourceTree = "<group>"; };
		00E82088214FEBC000460FD1 /* Info-Dev.plist */ = {isa = PBXFileReference; lastKnownFileType = text.plist.xml; path = "Info-Dev.plist"; sourceTree = "<group>"; };
		00EA2C652141C7C7002E1266 /* MappedFetchResult.swift */ = {isa = PBXFileReference; lastKnownFileType = sourcecode.swift; path = MappedFetchResult.swift; sourceTree = "<group>"; };
		00EA2C672142988F002E1266 /* AnyAlbum.swift */ = {isa = PBXFileReference; lastKnownFileType = sourcecode.swift; path = AnyAlbum.swift; sourceTree = "<group>"; };
		00EA2C692142B20E002E1266 /* MappedFetchResult+Change.swift */ = {isa = PBXFileReference; lastKnownFileType = sourcecode.swift; path = "MappedFetchResult+Change.swift"; sourceTree = "<group>"; };
		00EAFD99205ED32B0031F8A2 /* EditorToolbar.swift */ = {isa = PBXFileReference; lastKnownFileType = sourcecode.swift; path = EditorToolbar.swift; sourceTree = "<group>"; };
		00EAFD9E205FB2F10031F8A2 /* PlayerSeeker.swift */ = {isa = PBXFileReference; lastKnownFileType = sourcecode.swift; path = PlayerSeeker.swift; sourceTree = "<group>"; };
		00EDF97723409EC800FA0F48 /* VideoDetailSectionHeader.xib */ = {isa = PBXFileReference; lastKnownFileType = file.xib; path = VideoDetailSectionHeader.xib; sourceTree = "<group>"; };
		00EDF97A2340A17400FA0F48 /* VideoDetailSectionHeader.swift */ = {isa = PBXFileReference; lastKnownFileType = sourcecode.swift; path = VideoDetailSectionHeader.swift; sourceTree = "<group>"; };
		00EDF97E2340A28900FA0F48 /* RawRepresentable.swift */ = {isa = PBXFileReference; lastKnownFileType = sourcecode.swift; name = RawRepresentable.swift; path = "Frame Grabber/Utilities/RawRepresentable.swift"; sourceTree = SOURCE_ROOT; };
		00EDF98123422B5A00FA0F48 /* NSObject.swift */ = {isa = PBXFileReference; lastKnownFileType = sourcecode.swift; path = NSObject.swift; sourceTree = "<group>"; };
		00F3867E212AA38E0089A473 /* AlbumsCollectionViewDataSource.swift */ = {isa = PBXFileReference; lastKnownFileType = sourcecode.swift; path = AlbumsCollectionViewDataSource.swift; sourceTree = "<group>"; };
		00F3C254213046CD0030B7EC /* AlbumsHeader.swift */ = {isa = PBXFileReference; lastKnownFileType = sourcecode.swift; path = AlbumsHeader.swift; sourceTree = "<group>"; };
		00F3C256213058FE0030B7EC /* FetchedAlbum.swift */ = {isa = PBXFileReference; lastKnownFileType = sourcecode.swift; path = FetchedAlbum.swift; sourceTree = "<group>"; };
		00F85F0F23FA8A040037961E /* EmptyAlbumView.swift */ = {isa = PBXFileReference; lastKnownFileType = sourcecode.swift; name = EmptyAlbumView.swift; path = "Frame Grabber/Album/EmptyAlbumView.swift"; sourceTree = SOURCE_ROOT; };
/* End PBXFileReference section */

/* Begin PBXFrameworksBuildPhase section */
		00730EDF214FEA5A001A6EA7 /* Frameworks */ = {
			isa = PBXFrameworksBuildPhase;
			buildActionMask = 2147483647;
			files = (
				0073D56424000EA3008CABC3 /* StoreKit.framework in Frameworks */,
			);
			runOnlyForDeploymentPostprocessing = 0;
		};
		009C65601FBF32A600DB25A6 /* Frameworks */ = {
			isa = PBXFrameworksBuildPhase;
			buildActionMask = 2147483647;
			files = (
				0073D56324000E99008CABC3 /* StoreKit.framework in Frameworks */,
			);
			runOnlyForDeploymentPostprocessing = 0;
		};
/* End PBXFrameworksBuildPhase section */

/* Begin PBXGroup section */
		001AA16C1FB4977100A00BB9 = {
			isa = PBXGroup;
			children = (
				001A6C4B20600E1A00B91F3A /* README.md */,
				001AA1771FB4977100A00BB9 /* Frame Grabber */,
				001AA1761FB4977100A00BB9 /* Products */,
				0073D56124000E99008CABC3 /* Frameworks */,
			);
			sourceTree = "<group>";
		};
		001AA1761FB4977100A00BB9 /* Products */ = {
			isa = PBXGroup;
			children = (
				009C65631FBF32A600DB25A6 /* Frame Grabber.app */,
				00730EEA214FEA5A001A6EA7 /* Frame Grabber Dev.app */,
			);
			name = Products;
			sourceTree = "<group>";
		};
		001AA1771FB4977100A00BB9 /* Frame Grabber */ = {
			isa = PBXGroup;
			children = (
				00D9E83E234349C2009E7AFA /* Application */,
				00CD76FD23F6C0F600F78C56 /* Requesting Assets */,
				00AFE4FA202AEF01005E2AA8 /* Authorization */,
				00229DBB212E0B1A00848CE8 /* About */,
				0020D2F21FB4F277002379D0 /* Album */,
				00A9DF5321273FA400778885 /* Albums */,
				0057C5BB1FBDE2CF008B7E08 /* Editor */,
				00EDF97C2340A17A00FA0F48 /* Video Detail */,
				0026620A212BFCC900786797 /* Model */,
				00C098E61FC1C9E0000B05FE /* Views */,
				00653B41213941860038CB56 /* Transition */,
				0020D2F11FB4ED95002379D0 /* Utilities */,
				001AA1981FB497E900A00BB9 /* Resources */,
			);
			path = "Frame Grabber";
			sourceTree = "<group>";
		};
		001AA1981FB497E900A00BB9 /* Resources */ = {
			isa = PBXGroup;
			children = (
				001AA17F1FB4977100A00BB9 /* Assets.xcassets */,
				001AA1841FB4977100A00BB9 /* Info.plist */,
				00E82088214FEBC000460FD1 /* Info-Dev.plist */,
				00AA201F213432B400084B08 /* Localizable.strings */,
				00AA201C213432B400084B08 /* InfoPlist.strings */,
			);
			path = Resources;
			sourceTree = "<group>";
		};
		0020D2F11FB4ED95002379D0 /* Utilities */ = {
			isa = PBXGroup;
			children = (
				009BEA48234E243D00C284FA /* dprint.swift */,
				00024F752344C06F00937941 /* AVAsset.swift */,
				0096E812212F2EF8008395CA /* Bundle.swift */,
				00E713592125E2940052EAF8 /* CGImage.swift */,
				00C098D81FC1A7D3000B05FE /* CGSize.swift */,
				00C098D61FC1A7CB000B05FE /* CMTime.swift */,
				0086A6B12344CD7100989646 /* FileManager.swift */,
				0020D2ED1FB4E512002379D0 /* Formatters.swift */,
				00CF4BC823F208C4006DB612 /* CachingGeocodingLocationFormatter.swift */,
				00EDF98123422B5A00FA0F48 /* NSObject.swift */,
				00024F6C23447EDF00937941 /* PHAsset.swift */,
				00EDF97E2340A28900FA0F48 /* RawRepresentable.swift */,
				007208961FBF7C920046F389 /* UICollectionView.swift */,
				0054936023E562E200F3E684 /* UIDevice.swift */,
				00D9E83223424A07009E7AFA /* UIFont.swift */,
				0054936623E5772C00F3E684 /* UISlider.swift */,
			);
			path = Utilities;
			sourceTree = "<group>";
		};
		0020D2F21FB4F277002379D0 /* Album */ = {
			isa = PBXGroup;
			children = (
				001AA1991FB498C700A00BB9 /* AlbumViewController.swift */,
				00653B442139E1680038CB56 /* AlbumViewController+Transition.swift */,
				0072089A1FBF87B20046F389 /* AlbumCollectionViewDataSource.swift */,
				00024F6F234482EE00937941 /* AlbumContextMenuActions.swift */,
				005E2AA220273C5800F731FA /* AlbumGridLayout.swift */,
				001888F423FDBCA800A49500 /* VideoTypeFilterControl.swift */,
				00F85F0F23FA8A040037961E /* EmptyAlbumView.swift */,
				001AA1BB1FB4A71F00A00BB9 /* VideoCell.swift */,
			);
			path = Album;
			sourceTree = "<group>";
		};
		00229DBB212E0B1A00848CE8 /* About */ = {
			isa = PBXGroup;
			children = (
				0023FC8D23390D940046D9F8 /* About.storyboard */,
				001E825C2403B0A300388E62 /* AboutContainerViewController.swift */,
				0023FCA4233A42150046D9F8 /* AboutTableViewController.swift */,
				0034AFFC240139E30041513F /* IceCreamViewController.swift */,
				0034B00224014DD30041513F /* StoreKit */,
			);
			path = About;
			sourceTree = "<group>";
		};
		0026620A212BFCC900786797 /* Model */ = {
			isa = PBXGroup;
			children = (
				0015537E2129C8CF00F58CEE /* Album.swift */,
				00EA2C672142988F002E1266 /* AnyAlbum.swift */,
				00F3C256213058FE0030B7EC /* FetchedAlbum.swift */,
				008A48D623479D7300CEAA26 /* ImageEncoding.swift */,
				0023FCA1233A25DC0046D9F8 /* ImageFormat.swift */,
				00777D4423F6E73600D94F80 /* VideoType.swift */,
			);
			path = Model;
			sourceTree = "<group>";
		};
		0034B00224014DD30041513F /* StoreKit */ = {
			isa = PBXGroup;
			children = (
				00BD291F2400565A00FF1B1F /* StoreProductsManager.swift */,
				0034AFF6240068C30041513F /* StorePaymentsManager.swift */,
				0034AFFF24014DAE0041513F /* StoreKitUtilities.swift */,
			);
			path = StoreKit;
			sourceTree = "<group>";
		};
		003EC973234B9A2200EA8035 /* Frame Export */ = {
			isa = PBXGroup;
			children = (
				009BEA42234E152E00C284FA /* FrameExport.swift */,
				009BEA45234E17E900C284FA /* FrameExportTask.swift */,
				0086A6B423450DD100989646 /* AVAssetImageGenerator.swift */,
			);
			path = "Frame Export";
			sourceTree = "<group>";
		};
		0057C5BB1FBDE2CF008B7E08 /* Editor */ = {
			isa = PBXGroup;
			children = (
				00328A961FC85D84004648F9 /* EditorViewController.swift */,
				00C876431FB9D0F400B5D7A3 /* VideoController.swift */,
				00EAFD99205ED32B0031F8A2 /* EditorToolbar.swift */,
				00487D4023FD94A200CE8FAF /* ScrubbingIndicatorView.swift */,
				0078A45323F4AD2B0033E81C /* Progress */,
				00EAFDA0205FB42E0031F8A2 /* Playback */,
			);
			path = Editor;
			sourceTree = "<group>";
		};
		00641AA523FC085C000D0EDF /* Fetching Albums */ = {
			isa = PBXGroup;
			children = (
				0026620B212C4A6B00786797 /* AlbumsDataSource.swift */,
				00EA2C652141C7C7002E1266 /* MappedFetchResult.swift */,
				00EA2C692142B20E002E1266 /* MappedFetchResult+Change.swift */,
			);
			path = "Fetching Albums";
			sourceTree = "<group>";
		};
		00653B41213941860038CB56 /* Transition */ = {
			isa = PBXGroup;
			children = (
				0058E353213D645900BE28DD /* ZoomTransitionTypes.swift */,
				00653B3F213923460038CB56 /* ZoomTransitionController.swift */,
				00653B42213941A20038CB56 /* ZoomPushTransition.swift */,
				00142EA723EB1737000BEC63 /* ZoomPopTransition.swift */,
				0058E355213D9AE900BE28DD /* TransitionUtilities.swift */,
			);
			path = Transition;
			sourceTree = "<group>";
		};
		0073D56124000E99008CABC3 /* Frameworks */ = {
			isa = PBXGroup;
			children = (
				0073D56224000E99008CABC3 /* StoreKit.framework */,
			);
			name = Frameworks;
			sourceTree = "<group>";
		};
		0078A45323F4AD2B0033E81C /* Progress */ = {
			isa = PBXGroup;
			children = (
				001A6C5020623B0000B91F3A /* ProgressView.swift */,
				0078A45423F4AD700033E81C /* CircularProgressView.swift */,
			);
			path = Progress;
			sourceTree = "<group>";
		};
		00A9DF5321273FA400778885 /* Albums */ = {
			isa = PBXGroup;
			children = (
				00A9DF5121273FA000778885 /* AlbumsViewController.swift */,
				00F3867E212AA38E0089A473 /* AlbumsCollectionViewDataSource.swift */,
				00A9DF542127635C00778885 /* AlbumCell.swift */,
				00F3C254213046CD0030B7EC /* AlbumsHeader.swift */,
				00AA20222136C93100084B08 /* AlbumsLayout.swift */,
				00109CCB23FD239400B79F58 /* AlbumIcons.swift */,
			);
			path = Albums;
			sourceTree = "<group>";
		};
		00AFE4FA202AEF01005E2AA8 /* Authorization */ = {
			isa = PBXGroup;
			children = (
				0023FC99233911B10046D9F8 /* Authorization.storyboard */,
				005E2AA6202773F800F731FA /* PhotoLibraryAuthorizationController.swift */,
				00C098D41FC1A7C2000B05FE /* PHPhotoLibrary.swift */,
			);
			path = Authorization;
			sourceTree = "<group>";
		};
		00C098E61FC1C9E0000B05FE /* Views */ = {
			isa = PBXGroup;
			children = (
				001E825F2403D7ED00388E62 /* ActivityButton.swift */,
				00C8763B1FB5A1F600B5D7A3 /* GradientView.swift */,
				00328A941FC85919004648F9 /* PlayerView.swift */,
				006F8F7D202DD5A100CD93DB /* RepeatingButton.swift */,
				0054936923E852DE00F3E684 /* TimeSlider.swift */,
				001640FF23E9B8440071687B /* ScrubbingSlider.swift */,
				008426981FD5CAC300F4119D /* ZoomingPlayerView.swift */,
			);
			path = Views;
			sourceTree = "<group>";
		};
		00CD76FD23F6C0F600F78C56 /* Requesting Assets */ = {
			isa = PBXGroup;
			children = (
				003EC973234B9A2200EA8035 /* Frame Export */,
				00641AA523FC085C000D0EDF /* Fetching Albums */,
				00AFE4F32027A03F005E2AA8 /* FetchingPhotos.swift */,
				00266208212BFBC900786797 /* FetchedAlbum+Fetch.swift */,
				00229DB7212D978A00848CE8 /* FetchedAlbum+Change.swift */,
				00C098EA1FC477E5000B05FE /* PHImageManager.swift */,
				00CD76FA23F6C0DC00F78C56 /* PHAssetResourceManager.swift */,
			);
			path = "Requesting Assets";
			sourceTree = "<group>";
		};
		00D9E83E234349C2009E7AFA /* Application */ = {
			isa = PBXGroup;
			children = (
				001AA1811FB4977100A00BB9 /* LaunchScreen.storyboard */,
				001AA17C1FB4977100A00BB9 /* Main.storyboard */,
				001AA1781FB4977100A00BB9 /* AppDelegate.swift */,
				00BAFCA5205EA49B00BCEE69 /* Coordinator.swift */,
				00CB8123234CE05400354E03 /* NavigationController.swift */,
				0096E814212F2FA7008395CA /* Settings.swift */,
				0054936323E5631B00F3E684 /* About.swift */,
				00AFE4F820289AD6005E2AA8 /* Alerts.swift */,
				00C8763D1FB60DB600B5D7A3 /* Style.swift */,
			);
			path = Application;
			sourceTree = "<group>";
		};
		00EAFDA0205FB42E0031F8A2 /* Playback */ = {
			isa = PBXGroup;
			children = (
				00B264551FD090B300A6C3C3 /* PlaybackController.swift */,
				00328A9D1FC8BE1D004648F9 /* PlayerObserver.swift */,
				00EAFD9E205FB2F10031F8A2 /* PlayerSeeker.swift */,
			);
			path = Playback;
			sourceTree = "<group>";
		};
		00EDF97C2340A17A00FA0F48 /* Video Detail */ = {
			isa = PBXGroup;
			children = (
				00D9E83523426301009E7AFA /* VideoDetail.storyboard */,
				009E1862233DD403008100D5 /* VideoDetailViewController.swift */,
				0023FC9E233A0E4C0046D9F8 /* ExportOptionsViewController.swift */,
				00EDF97723409EC800FA0F48 /* VideoDetailSectionHeader.xib */,
				00EDF97A2340A17400FA0F48 /* VideoDetailSectionHeader.swift */,
			);
			path = "Video Detail";
			sourceTree = "<group>";
		};
/* End PBXGroup section */

/* Begin PBXNativeTarget section */
		00730EA4214FEA5A001A6EA7 /* Frame Grabber Dev */ = {
			isa = PBXNativeTarget;
			buildConfigurationList = 00730EE7214FEA5A001A6EA7 /* Build configuration list for PBXNativeTarget "Frame Grabber Dev" */;
			buildPhases = (
				00730EA5214FEA5A001A6EA7 /* Sources */,
				00730EDF214FEA5A001A6EA7 /* Frameworks */,
				00730EE0214FEA5A001A6EA7 /* Resources */,
			);
			buildRules = (
			);
			dependencies = (
			);
			name = "Frame Grabber Dev";
			productName = "Frame Grabber";
			productReference = 00730EEA214FEA5A001A6EA7 /* Frame Grabber Dev.app */;
			productType = "com.apple.product-type.application";
		};
		009C65621FBF32A600DB25A6 /* Frame Grabber */ = {
			isa = PBXNativeTarget;
			buildConfigurationList = 009C65721FBF32A600DB25A6 /* Build configuration list for PBXNativeTarget "Frame Grabber" */;
			buildPhases = (
				009C655F1FBF32A600DB25A6 /* Sources */,
				009C65601FBF32A600DB25A6 /* Frameworks */,
				009C65611FBF32A600DB25A6 /* Resources */,
				0096E81621301491008395CA /* Increment Build Number */,
			);
			buildRules = (
			);
			dependencies = (
			);
			name = "Frame Grabber";
			productName = "Frame Grabber";
			productReference = 009C65631FBF32A600DB25A6 /* Frame Grabber.app */;
			productType = "com.apple.product-type.application";
		};
/* End PBXNativeTarget section */

/* Begin PBXProject section */
		001AA16D1FB4977100A00BB9 /* Project object */ = {
			isa = PBXProject;
			attributes = {
				LastSwiftUpdateCheck = 0910;
				LastUpgradeCheck = 0940;
				ORGANIZATIONNAME = "Arthur Hammer";
				TargetAttributes = {
					00730EA4214FEA5A001A6EA7 = {
						LastSwiftMigration = 1100;
						ProvisioningStyle = Automatic;
					};
					009C65621FBF32A600DB25A6 = {
						CreatedOnToolsVersion = 9.1;
						LastSwiftMigration = 1100;
						ProvisioningStyle = Automatic;
					};
				};
			};
			buildConfigurationList = 001AA1701FB4977100A00BB9 /* Build configuration list for PBXProject "Frame Grabber" */;
			compatibilityVersion = "Xcode 8.0";
			developmentRegion = en;
			hasScannedForEncodings = 0;
			knownRegions = (
				en,
				Base,
				de,
			);
			mainGroup = 001AA16C1FB4977100A00BB9;
			productRefGroup = 001AA1761FB4977100A00BB9 /* Products */;
			projectDirPath = "";
			projectRoot = "";
			targets = (
				009C65621FBF32A600DB25A6 /* Frame Grabber */,
				00730EA4214FEA5A001A6EA7 /* Frame Grabber Dev */,
			);
		};
/* End PBXProject section */

/* Begin PBXResourcesBuildPhase section */
		00730EE0214FEA5A001A6EA7 /* Resources */ = {
			isa = PBXResourcesBuildPhase;
			buildActionMask = 2147483647;
			files = (
				00730EE1214FEA5A001A6EA7 /* Localizable.strings in Resources */,
				00730EE2214FEA5A001A6EA7 /* LaunchScreen.storyboard in Resources */,
				00730EE3214FEA5A001A6EA7 /* InfoPlist.strings in Resources */,
				00D9E83823426301009E7AFA /* VideoDetail.storyboard in Resources */,
				0023FC90233910D30046D9F8 /* About.storyboard in Resources */,
				0023FC97233911B10046D9F8 /* Authorization.storyboard in Resources */,
				00EDF97923409ED900FA0F48 /* VideoDetailSectionHeader.xib in Resources */,
				00730EE4214FEA5A001A6EA7 /* Main.storyboard in Resources */,
				00730EE5214FEA5A001A6EA7 /* Assets.xcassets in Resources */,
			);
			runOnlyForDeploymentPostprocessing = 0;
		};
		009C65611FBF32A600DB25A6 /* Resources */ = {
			isa = PBXResourcesBuildPhase;
			buildActionMask = 2147483647;
			files = (
				00AA2021213432B400084B08 /* Localizable.strings in Resources */,
				002F598F1FBF3AC400910891 /* LaunchScreen.storyboard in Resources */,
				00AA201E213432B400084B08 /* InfoPlist.strings in Resources */,
				00D9E83723426301009E7AFA /* VideoDetail.storyboard in Resources */,
				0023FC8F23390D940046D9F8 /* About.storyboard in Resources */,
				0023FC96233911B10046D9F8 /* Authorization.storyboard in Resources */,
				00EDF97823409EC800FA0F48 /* VideoDetailSectionHeader.xib in Resources */,
				002F59901FBF3AC400910891 /* Main.storyboard in Resources */,
				009C658B1FBF33AC00DB25A6 /* Assets.xcassets in Resources */,
			);
			runOnlyForDeploymentPostprocessing = 0;
		};
/* End PBXResourcesBuildPhase section */

/* Begin PBXShellScriptBuildPhase section */
		0096E81621301491008395CA /* Increment Build Number */ = {
			isa = PBXShellScriptBuildPhase;
			buildActionMask = 2147483647;
			files = (
			);
			inputPaths = (
			);
			name = "Increment Build Number";
			outputPaths = (
			);
			runOnlyForDeploymentPostprocessing = 0;
			shellPath = /bin/sh;
			shellScript = "#buildNumber=$(/usr/libexec/PlistBuddy -c \"Print CFBundleVersion\" \"${INFOPLIST_FILE}\")\n#buildNumber=$(($buildNumber + 1))\n#/usr/libexec/PlistBuddy -c \"Set :CFBundleVersion $buildNumber\" \"${INFOPLIST_FILE}\"\n";
		};
/* End PBXShellScriptBuildPhase section */

/* Begin PBXSourcesBuildPhase section */
		00730EA5214FEA5A001A6EA7 /* Sources */ = {
			isa = PBXSourcesBuildPhase;
			buildActionMask = 2147483647;
			files = (
				00142EA923EB1766000BEC63 /* ZoomPopTransition.swift in Sources */,
				00730EA6214FEA5A001A6EA7 /* VideoCell.swift in Sources */,
				0078A45623F4AD700033E81C /* CircularProgressView.swift in Sources */,
				00730EA7214FEA5A001A6EA7 /* AlbumsLayout.swift in Sources */,
				0034AFFE240139E30041513F /* IceCreamViewController.swift in Sources */,
				00730EA8214FEA5A001A6EA7 /* ZoomPushTransition.swift in Sources */,
				00730EA9214FEA5A001A6EA7 /* FetchedAlbum+Fetch.swift in Sources */,
				00F85F1123FA8A040037961E /* EmptyAlbumView.swift in Sources */,
				00730EAA214FEA5A001A6EA7 /* AlbumsViewController.swift in Sources */,
				00024F71234482EE00937941 /* AlbumContextMenuActions.swift in Sources */,
				001E82612403D7ED00388E62 /* ActivityButton.swift in Sources */,
				00730EAC214FEA5A001A6EA7 /* FetchedAlbum.swift in Sources */,
				00730EAD214FEA5A001A6EA7 /* AlbumsHeader.swift in Sources */,
				00730EAE214FEA5A001A6EA7 /* Bundle.swift in Sources */,
				001888F623FDBCA800A49500 /* VideoTypeFilterControl.swift in Sources */,
				00730EAF214FEA5A001A6EA7 /* CGSize.swift in Sources */,
				00730EB0214FEA5A001A6EA7 /* ProgressView.swift in Sources */,
				00730EB1214FEA5A001A6EA7 /* Settings.swift in Sources */,
				00CD76FC23F6C0DC00F78C56 /* PHAssetResourceManager.swift in Sources */,
				00024F6E23447EDF00937941 /* PHAsset.swift in Sources */,
				00730EB4214FEA5A001A6EA7 /* PlayerSeeker.swift in Sources */,
				0054936523E5633700F3E684 /* About.swift in Sources */,
				00109CCD23FD239400B79F58 /* AlbumIcons.swift in Sources */,
				00730EB5214FEA5A001A6EA7 /* Alerts.swift in Sources */,
				00730EB6214FEA5A001A6EA7 /* FetchingPhotos.swift in Sources */,
				00777D4623F6E73600D94F80 /* VideoType.swift in Sources */,
				00BD29212400565A00FF1B1F /* StoreProductsManager.swift in Sources */,
				0054936823E5777200F3E684 /* UISlider.swift in Sources */,
				00730EB7214FEA5A001A6EA7 /* PHImageManager.swift in Sources */,
				0034AFF8240068C30041513F /* StorePaymentsManager.swift in Sources */,
				0023FCA6233A44B20046D9F8 /* AboutTableViewController.swift in Sources */,
				00730EB8214FEA5A001A6EA7 /* ZoomTransitionController.swift in Sources */,
				00730EB9214FEA5A001A6EA7 /* Coordinator.swift in Sources */,
				00EDF97D2340A1EE00FA0F48 /* VideoDetailSectionHeader.swift in Sources */,
				00730EBA214FEA5A001A6EA7 /* PhotoLibraryAuthorizationController.swift in Sources */,
				00730EBB214FEA5A001A6EA7 /* AnyAlbum.swift in Sources */,
				00730EBC214FEA5A001A6EA7 /* AlbumCell.swift in Sources */,
				00730EBD214FEA5A001A6EA7 /* EditorViewController.swift in Sources */,
				00730EBE214FEA5A001A6EA7 /* AppDelegate.swift in Sources */,
				00CB8125234CE05800354E03 /* NavigationController.swift in Sources */,
				00730EC1214FEA5A001A6EA7 /* CMTime.swift in Sources */,
				00730EC2214FEA5A001A6EA7 /* AlbumsCollectionViewDataSource.swift in Sources */,
				00CF4BCA23F208C4006DB612 /* CachingGeocodingLocationFormatter.swift in Sources */,
				00730EC3214FEA5A001A6EA7 /* ZoomingPlayerView.swift in Sources */,
				00730EC4214FEA5A001A6EA7 /* ZoomTransitionTypes.swift in Sources */,
				00EDF98323422B5A00FA0F48 /* NSObject.swift in Sources */,
				00730EC5214FEA5A001A6EA7 /* AlbumsDataSource.swift in Sources */,
				00730EC6214FEA5A001A6EA7 /* EditorToolbar.swift in Sources */,
				009BEA47234E17E900C284FA /* FrameExportTask.swift in Sources */,
				0023FCA3233A26060046D9F8 /* ImageFormat.swift in Sources */,
				008A48D823479D7300CEAA26 /* ImageEncoding.swift in Sources */,
				00730EC9214FEA5A001A6EA7 /* AlbumGridLayout.swift in Sources */,
				00730ECA214FEA5A001A6EA7 /* UICollectionView.swift in Sources */,
				00730ECB214FEA5A001A6EA7 /* AlbumViewController.swift in Sources */,
				0023FCA0233A17250046D9F8 /* ExportOptionsViewController.swift in Sources */,
				00730ECC214FEA5A001A6EA7 /* CGImage.swift in Sources */,
				00730ECD214FEA5A001A6EA7 /* MappedFetchResult.swift in Sources */,
				00730ECE214FEA5A001A6EA7 /* Style.swift in Sources */,
				00730ECF214FEA5A001A6EA7 /* RepeatingButton.swift in Sources */,
				001E825E2403B0AB00388E62 /* AboutContainerViewController.swift in Sources */,
				00487D4223FD94A200CE8FAF /* ScrubbingIndicatorView.swift in Sources */,
				00730ED0214FEA5A001A6EA7 /* PHPhotoLibrary.swift in Sources */,
				00D9E83423424A07009E7AFA /* UIFont.swift in Sources */,
				00730ED1214FEA5A001A6EA7 /* MappedFetchResult+Change.swift in Sources */,
				00EDF9802340A2CC00FA0F48 /* RawRepresentable.swift in Sources */,
				0054936B23E852E200F3E684 /* TimeSlider.swift in Sources */,
				0016410123E9B8440071687B /* ScrubbingSlider.swift in Sources */,
				00730ED2214FEA5A001A6EA7 /* VideoController.swift in Sources */,
				009E1864233DD40B008100D5 /* VideoDetailViewController.swift in Sources */,
				00730ED3214FEA5A001A6EA7 /* Album.swift in Sources */,
				00730ED4214FEA5A001A6EA7 /* AlbumCollectionViewDataSource.swift in Sources */,
				00730ED5214FEA5A001A6EA7 /* PlayerObserver.swift in Sources */,
				0086A6B623450DD100989646 /* AVAssetImageGenerator.swift in Sources */,
				00730ED6214FEA5A001A6EA7 /* PlayerView.swift in Sources */,
				00730ED7214FEA5A001A6EA7 /* TransitionUtilities.swift in Sources */,
				0034B00124014DAE0041513F /* StoreKitUtilities.swift in Sources */,
				0086A6B32344CD7100989646 /* FileManager.swift in Sources */,
				00730EDA214FEA5A001A6EA7 /* GradientView.swift in Sources */,
				0054936223E562E600F3E684 /* UIDevice.swift in Sources */,
				00730EDB214FEA5A001A6EA7 /* Formatters.swift in Sources */,
				00730EDC214FEA5A001A6EA7 /* AlbumViewController+Transition.swift in Sources */,
				00730EDD214FEA5A001A6EA7 /* FetchedAlbum+Change.swift in Sources */,
				00730EDE214FEA5A001A6EA7 /* PlaybackController.swift in Sources */,
				009BEA44234E152E00C284FA /* FrameExport.swift in Sources */,
				00024F772344C06F00937941 /* AVAsset.swift in Sources */,
				009BEA4A234E243D00C284FA /* dprint.swift in Sources */,
			);
			runOnlyForDeploymentPostprocessing = 0;
		};
		009C655F1FBF32A600DB25A6 /* Sources */ = {
			isa = PBXSourcesBuildPhase;
			buildActionMask = 2147483647;
			files = (
				00142EA823EB1737000BEC63 /* ZoomPopTransition.swift in Sources */,
				009C657B1FBF338900DB25A6 /* VideoCell.swift in Sources */,
				0078A45523F4AD700033E81C /* CircularProgressView.swift in Sources */,
				00AA20232136C93100084B08 /* AlbumsLayout.swift in Sources */,
				0034AFFD240139E30041513F /* IceCreamViewController.swift in Sources */,
				00653B43213941A20038CB56 /* ZoomPushTransition.swift in Sources */,
				00266209212BFBC900786797 /* FetchedAlbum+Fetch.swift in Sources */,
				00F85F1023FA8A040037961E /* EmptyAlbumView.swift in Sources */,
				00A9DF5221273FA000778885 /* AlbumsViewController.swift in Sources */,
				00024F70234482EE00937941 /* AlbumContextMenuActions.swift in Sources */,
				001E82602403D7ED00388E62 /* ActivityButton.swift in Sources */,
				0054936723E5772D00F3E684 /* UISlider.swift in Sources */,
				00F3C257213058FE0030B7EC /* FetchedAlbum.swift in Sources */,
				00F3C255213046CD0030B7EC /* AlbumsHeader.swift in Sources */,
				001888F523FDBCA800A49500 /* VideoTypeFilterControl.swift in Sources */,
				0096E813212F2EF8008395CA /* Bundle.swift in Sources */,
				00C098D91FC1A7D3000B05FE /* CGSize.swift in Sources */,
				001A6C5120623B0000B91F3A /* ProgressView.swift in Sources */,
				00CD76FB23F6C0DC00F78C56 /* PHAssetResourceManager.swift in Sources */,
				0096E815212F2FA7008395CA /* Settings.swift in Sources */,
				00024F6D23447EDF00937941 /* PHAsset.swift in Sources */,
				00EAFD9F205FB2F20031F8A2 /* PlayerSeeker.swift in Sources */,
				00109CCC23FD239400B79F58 /* AlbumIcons.swift in Sources */,
				0054936423E5631B00F3E684 /* About.swift in Sources */,
				00AFE4F920289AD6005E2AA8 /* Alerts.swift in Sources */,
				00777D4523F6E73600D94F80 /* VideoType.swift in Sources */,
				00BD29202400565A00FF1B1F /* StoreProductsManager.swift in Sources */,
				00AFE4F42027A03F005E2AA8 /* FetchingPhotos.swift in Sources */,
				00C098EB1FC477E5000B05FE /* PHImageManager.swift in Sources */,
				0034AFF7240068C30041513F /* StorePaymentsManager.swift in Sources */,
				0023FCA5233A42150046D9F8 /* AboutTableViewController.swift in Sources */,
				0023FC9F233A0E4C0046D9F8 /* ExportOptionsViewController.swift in Sources */,
				00653B40213923470038CB56 /* ZoomTransitionController.swift in Sources */,
				00EDF97B2340A17400FA0F48 /* VideoDetailSectionHeader.swift in Sources */,
				00BAFCA6205EA49B00BCEE69 /* Coordinator.swift in Sources */,
				005E2AA7202773F800F731FA /* PhotoLibraryAuthorizationController.swift in Sources */,
				00EA2C682142988F002E1266 /* AnyAlbum.swift in Sources */,
				0023FCA2233A25DC0046D9F8 /* ImageFormat.swift in Sources */,
				00A9DF552127635C00778885 /* AlbumCell.swift in Sources */,
				00328A971FC85D84004648F9 /* EditorViewController.swift in Sources */,
				00CB8124234CE05400354E03 /* NavigationController.swift in Sources */,
				009C65751FBF337300DB25A6 /* AppDelegate.swift in Sources */,
				00CF4BC923F208C4006DB612 /* CachingGeocodingLocationFormatter.swift in Sources */,
				00C098D71FC1A7CB000B05FE /* CMTime.swift in Sources */,
				00F3867F212AA38E0089A473 /* AlbumsCollectionViewDataSource.swift in Sources */,
				00EDF98223422B5A00FA0F48 /* NSObject.swift in Sources */,
				008426991FD5CAC300F4119D /* ZoomingPlayerView.swift in Sources */,
				0058E354213D645900BE28DD /* ZoomTransitionTypes.swift in Sources */,
				0026620C212C4A6B00786797 /* AlbumsDataSource.swift in Sources */,
				009BEA46234E17E900C284FA /* FrameExportTask.swift in Sources */,
				00EAFD9A205ED32B0031F8A2 /* EditorToolbar.swift in Sources */,
				008A48D723479D7300CEAA26 /* ImageEncoding.swift in Sources */,
				005E2AA320273C5800F731FA /* AlbumGridLayout.swift in Sources */,
				007208971FBF7C920046F389 /* UICollectionView.swift in Sources */,
				009C657A1FBF338900DB25A6 /* AlbumViewController.swift in Sources */,
				00E7135A2125E2940052EAF8 /* CGImage.swift in Sources */,
				00EA2C662141C7C7002E1266 /* MappedFetchResult.swift in Sources */,
				009C65871FBF33A300DB25A6 /* Style.swift in Sources */,
				006F8F7E202DD5A100CD93DB /* RepeatingButton.swift in Sources */,
				001E825D2403B0A300388E62 /* AboutContainerViewController.swift in Sources */,
				00487D4123FD94A200CE8FAF /* ScrubbingIndicatorView.swift in Sources */,
				00C098D51FC1A7C2000B05FE /* PHPhotoLibrary.swift in Sources */,
				00D9E83323424A07009E7AFA /* UIFont.swift in Sources */,
				00EA2C6A2142B20E002E1266 /* MappedFetchResult+Change.swift in Sources */,
				00EDF97F2340A28900FA0F48 /* RawRepresentable.swift in Sources */,
				0054936A23E852DE00F3E684 /* TimeSlider.swift in Sources */,
				0016410023E9B8440071687B /* ScrubbingSlider.swift in Sources */,
				009C65851FBF339E00DB25A6 /* VideoController.swift in Sources */,
				009E1863233DD403008100D5 /* VideoDetailViewController.swift in Sources */,
				0015537F2129C8CF00F58CEE /* Album.swift in Sources */,
				0072089B1FBF87B20046F389 /* AlbumCollectionViewDataSource.swift in Sources */,
				00328A9E1FC8BE1D004648F9 /* PlayerObserver.swift in Sources */,
				0086A6B523450DD100989646 /* AVAssetImageGenerator.swift in Sources */,
				00328A951FC85919004648F9 /* PlayerView.swift in Sources */,
				0058E356213D9AE900BE28DD /* TransitionUtilities.swift in Sources */,
				0034B00024014DAE0041513F /* StoreKitUtilities.swift in Sources */,
				0086A6B22344CD7100989646 /* FileManager.swift in Sources */,
				009C657D1FBF338900DB25A6 /* GradientView.swift in Sources */,
				0054936123E562E200F3E684 /* UIDevice.swift in Sources */,
				009C65891FBF33A300DB25A6 /* Formatters.swift in Sources */,
				00653B452139E1680038CB56 /* AlbumViewController+Transition.swift in Sources */,
				00229DB8212D978A00848CE8 /* FetchedAlbum+Change.swift in Sources */,
				00B264561FD090B300A6C3C3 /* PlaybackController.swift in Sources */,
				009BEA43234E152E00C284FA /* FrameExport.swift in Sources */,
				00024F762344C06F00937941 /* AVAsset.swift in Sources */,
				009BEA49234E243D00C284FA /* dprint.swift in Sources */,
			);
			runOnlyForDeploymentPostprocessing = 0;
		};
/* End PBXSourcesBuildPhase section */

/* Begin PBXVariantGroup section */
		001AA17C1FB4977100A00BB9 /* Main.storyboard */ = {
			isa = PBXVariantGroup;
			children = (
				001AA17D1FB4977100A00BB9 /* Base */,
				00AA201B213426AD00084B08 /* de */,
			);
			name = Main.storyboard;
			sourceTree = "<group>";
		};
		001AA1811FB4977100A00BB9 /* LaunchScreen.storyboard */ = {
			isa = PBXVariantGroup;
			children = (
				001AA1821FB4977100A00BB9 /* Base */,
				00AA201A213426AD00084B08 /* de */,
			);
			name = LaunchScreen.storyboard;
			sourceTree = "<group>";
		};
		0023FC8D23390D940046D9F8 /* About.storyboard */ = {
			isa = PBXVariantGroup;
			children = (
				0023FC8E23390D940046D9F8 /* Base */,
				0023FC92233910DD0046D9F8 /* de */,
			);
			name = About.storyboard;
			sourceTree = "<group>";
		};
		0023FC99233911B10046D9F8 /* Authorization.storyboard */ = {
			isa = PBXVariantGroup;
			children = (
				0023FC98233911B10046D9F8 /* Base */,
				0023FC9B233911BA0046D9F8 /* de */,
			);
			name = Authorization.storyboard;
			sourceTree = "<group>";
		};
		00AA201C213432B400084B08 /* InfoPlist.strings */ = {
			isa = PBXVariantGroup;
			children = (
				00AA201D213432B400084B08 /* de */,
			);
			name = InfoPlist.strings;
			sourceTree = "<group>";
		};
		00AA201F213432B400084B08 /* Localizable.strings */ = {
			isa = PBXVariantGroup;
			children = (
				00AA2020213432B400084B08 /* de */,
			);
			name = Localizable.strings;
			sourceTree = "<group>";
		};
		00D9E83523426301009E7AFA /* VideoDetail.storyboard */ = {
			isa = PBXVariantGroup;
			children = (
				00D9E83623426301009E7AFA /* Base */,
				00D9E83A2342639C009E7AFA /* de */,
			);
			name = VideoDetail.storyboard;
			sourceTree = "<group>";
		};
/* End PBXVariantGroup section */

/* Begin XCBuildConfiguration section */
		001AA1901FB4977100A00BB9 /* Debug */ = {
			isa = XCBuildConfiguration;
			buildSettings = {
				ALWAYS_SEARCH_USER_PATHS = NO;
				CLANG_ANALYZER_LOCALIZABILITY_NONLOCALIZED = YES;
				CLANG_ANALYZER_NONNULL = YES;
				CLANG_ANALYZER_NUMBER_OBJECT_CONVERSION = YES_AGGRESSIVE;
				CLANG_CXX_LANGUAGE_STANDARD = "gnu++14";
				CLANG_CXX_LIBRARY = "libc++";
				CLANG_ENABLE_MODULES = YES;
				CLANG_ENABLE_OBJC_ARC = YES;
				CLANG_WARN_BLOCK_CAPTURE_AUTORELEASING = YES;
				CLANG_WARN_BOOL_CONVERSION = YES;
				CLANG_WARN_COMMA = YES;
				CLANG_WARN_CONSTANT_CONVERSION = YES;
				CLANG_WARN_DEPRECATED_OBJC_IMPLEMENTATIONS = YES;
				CLANG_WARN_DIRECT_OBJC_ISA_USAGE = YES_ERROR;
				CLANG_WARN_DOCUMENTATION_COMMENTS = YES;
				CLANG_WARN_EMPTY_BODY = YES;
				CLANG_WARN_ENUM_CONVERSION = YES;
				CLANG_WARN_INFINITE_RECURSION = YES;
				CLANG_WARN_INT_CONVERSION = YES;
				CLANG_WARN_NON_LITERAL_NULL_CONVERSION = YES;
				CLANG_WARN_OBJC_IMPLICIT_RETAIN_SELF = YES;
				CLANG_WARN_OBJC_LITERAL_CONVERSION = YES;
				CLANG_WARN_OBJC_ROOT_CLASS = YES_ERROR;
				CLANG_WARN_RANGE_LOOP_ANALYSIS = YES;
				CLANG_WARN_STRICT_PROTOTYPES = YES;
				CLANG_WARN_SUSPICIOUS_MOVE = YES;
				CLANG_WARN_UNGUARDED_AVAILABILITY = YES_AGGRESSIVE;
				CLANG_WARN_UNREACHABLE_CODE = YES;
				CLANG_WARN__DUPLICATE_METHOD_MATCH = YES;
				CODE_SIGN_IDENTITY = "iPhone Developer";
				COPY_PHASE_STRIP = NO;
				DEBUG_INFORMATION_FORMAT = dwarf;
				ENABLE_STRICT_OBJC_MSGSEND = YES;
				ENABLE_TESTABILITY = YES;
				GCC_C_LANGUAGE_STANDARD = gnu11;
				GCC_DYNAMIC_NO_PIC = NO;
				GCC_NO_COMMON_BLOCKS = YES;
				GCC_OPTIMIZATION_LEVEL = 0;
				GCC_PREPROCESSOR_DEFINITIONS = (
					"DEBUG=1",
					"$(inherited)",
				);
				GCC_WARN_64_TO_32_BIT_CONVERSION = YES;
				GCC_WARN_ABOUT_RETURN_TYPE = YES_ERROR;
				GCC_WARN_UNDECLARED_SELECTOR = YES;
				GCC_WARN_UNINITIALIZED_AUTOS = YES_AGGRESSIVE;
				GCC_WARN_UNUSED_FUNCTION = YES;
				GCC_WARN_UNUSED_VARIABLE = YES;
				IPHONEOS_DEPLOYMENT_TARGET = 13.2;
				MTL_ENABLE_DEBUG_INFO = YES;
				ONLY_ACTIVE_ARCH = YES;
				SDKROOT = iphoneos;
				SWIFT_ACTIVE_COMPILATION_CONDITIONS = DEBUG;
				SWIFT_OPTIMIZATION_LEVEL = "-Onone";
				SWIFT_VERSION = 4.0;
			};
			name = Debug;
		};
		001AA1911FB4977100A00BB9 /* Release */ = {
			isa = XCBuildConfiguration;
			buildSettings = {
				ALWAYS_SEARCH_USER_PATHS = NO;
				CLANG_ANALYZER_LOCALIZABILITY_NONLOCALIZED = YES;
				CLANG_ANALYZER_NONNULL = YES;
				CLANG_ANALYZER_NUMBER_OBJECT_CONVERSION = YES_AGGRESSIVE;
				CLANG_CXX_LANGUAGE_STANDARD = "gnu++14";
				CLANG_CXX_LIBRARY = "libc++";
				CLANG_ENABLE_MODULES = YES;
				CLANG_ENABLE_OBJC_ARC = YES;
				CLANG_WARN_BLOCK_CAPTURE_AUTORELEASING = YES;
				CLANG_WARN_BOOL_CONVERSION = YES;
				CLANG_WARN_COMMA = YES;
				CLANG_WARN_CONSTANT_CONVERSION = YES;
				CLANG_WARN_DEPRECATED_OBJC_IMPLEMENTATIONS = YES;
				CLANG_WARN_DIRECT_OBJC_ISA_USAGE = YES_ERROR;
				CLANG_WARN_DOCUMENTATION_COMMENTS = YES;
				CLANG_WARN_EMPTY_BODY = YES;
				CLANG_WARN_ENUM_CONVERSION = YES;
				CLANG_WARN_INFINITE_RECURSION = YES;
				CLANG_WARN_INT_CONVERSION = YES;
				CLANG_WARN_NON_LITERAL_NULL_CONVERSION = YES;
				CLANG_WARN_OBJC_IMPLICIT_RETAIN_SELF = YES;
				CLANG_WARN_OBJC_LITERAL_CONVERSION = YES;
				CLANG_WARN_OBJC_ROOT_CLASS = YES_ERROR;
				CLANG_WARN_RANGE_LOOP_ANALYSIS = YES;
				CLANG_WARN_STRICT_PROTOTYPES = YES;
				CLANG_WARN_SUSPICIOUS_MOVE = YES;
				CLANG_WARN_UNGUARDED_AVAILABILITY = YES_AGGRESSIVE;
				CLANG_WARN_UNREACHABLE_CODE = YES;
				CLANG_WARN__DUPLICATE_METHOD_MATCH = YES;
				CODE_SIGN_IDENTITY = "iPhone Developer";
				COPY_PHASE_STRIP = NO;
				DEBUG_INFORMATION_FORMAT = "dwarf-with-dsym";
				ENABLE_NS_ASSERTIONS = NO;
				ENABLE_STRICT_OBJC_MSGSEND = YES;
				GCC_C_LANGUAGE_STANDARD = gnu11;
				GCC_NO_COMMON_BLOCKS = YES;
				GCC_WARN_64_TO_32_BIT_CONVERSION = YES;
				GCC_WARN_ABOUT_RETURN_TYPE = YES_ERROR;
				GCC_WARN_UNDECLARED_SELECTOR = YES;
				GCC_WARN_UNINITIALIZED_AUTOS = YES_AGGRESSIVE;
				GCC_WARN_UNUSED_FUNCTION = YES;
				GCC_WARN_UNUSED_VARIABLE = YES;
				IPHONEOS_DEPLOYMENT_TARGET = 13.2;
				MTL_ENABLE_DEBUG_INFO = NO;
				SDKROOT = iphoneos;
				SWIFT_OPTIMIZATION_LEVEL = "-Owholemodule";
				SWIFT_VERSION = 4.0;
				VALIDATE_PRODUCT = YES;
			};
			name = Release;
		};
		00730EE8214FEA5A001A6EA7 /* Debug */ = {
			isa = XCBuildConfiguration;
			buildSettings = {
				ASSETCATALOG_COMPILER_APPICON_NAME = AppIcon;
				CODE_SIGN_IDENTITY = "iPhone Developer";
				CODE_SIGN_STYLE = Automatic;
				DEVELOPMENT_TEAM = PY49CKQ6VF;
				INFOPLIST_FILE = "$(SRCROOT)/Frame Grabber/Resources/Info-Dev.plist";
				IPHONEOS_DEPLOYMENT_TARGET = 13.0;
				LD_RUNPATH_SEARCH_PATHS = "$(inherited) @executable_path/Frameworks";
				MARKETING_VERSION = 1.0.2;
				PRODUCT_BUNDLE_IDENTIFIER = de.arthurhammer.framegrabber.dev;
				PRODUCT_NAME = "$(TARGET_NAME)";
				PROVISIONING_PROFILE = "";
				PROVISIONING_PROFILE_SPECIFIER = "";
				SWIFT_VERSION = 5.0;
				TARGETED_DEVICE_FAMILY = 1;
			};
			name = Debug;
		};
		00730EE9214FEA5A001A6EA7 /* Release */ = {
			isa = XCBuildConfiguration;
			buildSettings = {
				ASSETCATALOG_COMPILER_APPICON_NAME = AppIcon;
				CODE_SIGN_IDENTITY = "iPhone Developer";
				CODE_SIGN_STYLE = Automatic;
				DEVELOPMENT_TEAM = PY49CKQ6VF;
				INFOPLIST_FILE = "$(SRCROOT)/Frame Grabber/Resources/Info-Dev.plist";
				IPHONEOS_DEPLOYMENT_TARGET = 13.0;
				LD_RUNPATH_SEARCH_PATHS = "$(inherited) @executable_path/Frameworks";
				MARKETING_VERSION = 1.0.2;
				PRODUCT_BUNDLE_IDENTIFIER = de.arthurhammer.framegrabber.dev;
				PRODUCT_NAME = "$(TARGET_NAME)";
				PROVISIONING_PROFILE = "";
				PROVISIONING_PROFILE_SPECIFIER = "";
				SWIFT_VERSION = 5.0;
				TARGETED_DEVICE_FAMILY = 1;
			};
			name = Release;
		};
		009C65731FBF32A600DB25A6 /* Debug */ = {
			isa = XCBuildConfiguration;
			buildSettings = {
				ASSETCATALOG_COMPILER_APPICON_NAME = AppIcon;
				CODE_SIGN_IDENTITY = "iPhone Developer";
				CODE_SIGN_STYLE = Automatic;
				CURRENT_PROJECT_VERSION = 12;
				DEVELOPMENT_TEAM = PY49CKQ6VF;
				INFOPLIST_FILE = "$(SRCROOT)/Frame Grabber/Resources/Info.plist";
				IPHONEOS_DEPLOYMENT_TARGET = 13.0;
				LD_RUNPATH_SEARCH_PATHS = "$(inherited) @executable_path/Frameworks";
				MARKETING_VERSION = 1.0.2;
				PRODUCT_BUNDLE_IDENTIFIER = de.arthurhammer.framegrabber;
				PRODUCT_NAME = "$(TARGET_NAME)";
				PROVISIONING_PROFILE = "";
				PROVISIONING_PROFILE_SPECIFIER = "";
				SWIFT_VERSION = 5.0;
				TARGETED_DEVICE_FAMILY = 1;
			};
			name = Debug;
		};
		009C65741FBF32A600DB25A6 /* Release */ = {
			isa = XCBuildConfiguration;
			buildSettings = {
				ASSETCATALOG_COMPILER_APPICON_NAME = AppIcon;
				CODE_SIGN_IDENTITY = "iPhone Developer";
				CODE_SIGN_STYLE = Automatic;
				CURRENT_PROJECT_VERSION = 12;
				DEVELOPMENT_TEAM = PY49CKQ6VF;
				INFOPLIST_FILE = "$(SRCROOT)/Frame Grabber/Resources/Info.plist";
				IPHONEOS_DEPLOYMENT_TARGET = 13.0;
				LD_RUNPATH_SEARCH_PATHS = "$(inherited) @executable_path/Frameworks";
				MARKETING_VERSION = 1.0.2;
				PRODUCT_BUNDLE_IDENTIFIER = de.arthurhammer.framegrabber;
				PRODUCT_NAME = "$(TARGET_NAME)";
				PROVISIONING_PROFILE = "";
				PROVISIONING_PROFILE_SPECIFIER = "";
				SWIFT_VERSION = 5.0;
				TARGETED_DEVICE_FAMILY = 1;
			};
			name = Release;
		};
/* End XCBuildConfiguration section */

/* Begin XCConfigurationList section */
		001AA1701FB4977100A00BB9 /* Build configuration list for PBXProject "Frame Grabber" */ = {
			isa = XCConfigurationList;
			buildConfigurations = (
				001AA1901FB4977100A00BB9 /* Debug */,
				001AA1911FB4977100A00BB9 /* Release */,
			);
			defaultConfigurationIsVisible = 0;
			defaultConfigurationName = Release;
		};
		00730EE7214FEA5A001A6EA7 /* Build configuration list for PBXNativeTarget "Frame Grabber Dev" */ = {
			isa = XCConfigurationList;
			buildConfigurations = (
				00730EE8214FEA5A001A6EA7 /* Debug */,
				00730EE9214FEA5A001A6EA7 /* Release */,
			);
			defaultConfigurationIsVisible = 0;
			defaultConfigurationName = Release;
		};
		009C65721FBF32A600DB25A6 /* Build configuration list for PBXNativeTarget "Frame Grabber" */ = {
			isa = XCConfigurationList;
			buildConfigurations = (
				009C65731FBF32A600DB25A6 /* Debug */,
				009C65741FBF32A600DB25A6 /* Release */,
			);
			defaultConfigurationIsVisible = 0;
			defaultConfigurationName = Release;
		};
/* End XCConfigurationList section */
	};
	rootObject = 001AA16D1FB4977100A00BB9 /* Project object */;
}
