// !$*UTF8*$!
{
	archiveVersion = 1;
	classes = {
	};
	objectVersion = 48;
	objects = {

/* Begin PBXBuildFile section */
		001A6C4D206152E900B91F3A /* PlayerSeeker+Syncing.swift in Sources */ = {isa = PBXBuildFile; fileRef = 001A6C4C206152E900B91F3A /* PlayerSeeker+Syncing.swift */; };
		001A6C5120623B0000B91F3A /* PlayerLoadingView.swift in Sources */ = {isa = PBXBuildFile; fileRef = 001A6C5020623B0000B91F3A /* PlayerLoadingView.swift */; };
		002F598F1FBF3AC400910891 /* LaunchScreen.storyboard in Resources */ = {isa = PBXBuildFile; fileRef = 001AA1811FB4977100A00BB9 /* LaunchScreen.storyboard */; };
		002F59901FBF3AC400910891 /* Main.storyboard in Resources */ = {isa = PBXBuildFile; fileRef = 001AA17C1FB4977100A00BB9 /* Main.storyboard */; };
		00328A951FC85919004648F9 /* PlayerView.swift in Sources */ = {isa = PBXBuildFile; fileRef = 00328A941FC85919004648F9 /* PlayerView.swift */; };
		00328A971FC85D84004648F9 /* PlayerViewController.swift in Sources */ = {isa = PBXBuildFile; fileRef = 00328A961FC85D84004648F9 /* PlayerViewController.swift */; };
		00328A991FC87A50004648F9 /* ScrubbingSlider.swift in Sources */ = {isa = PBXBuildFile; fileRef = 00328A981FC87A50004648F9 /* ScrubbingSlider.swift */; };
		00328A9E1FC8BE1D004648F9 /* PlayerObserver.swift in Sources */ = {isa = PBXBuildFile; fileRef = 00328A9D1FC8BE1D004648F9 /* PlayerObserver.swift */; };
		005E2AA320273C5800F731FA /* CollectionViewGridLayout.swift in Sources */ = {isa = PBXBuildFile; fileRef = 005E2AA220273C5800F731FA /* CollectionViewGridLayout.swift */; };
		005E2AA7202773F800F731FA /* PhotoLibraryAuthorizationController.swift in Sources */ = {isa = PBXBuildFile; fileRef = 005E2AA6202773F800F731FA /* PhotoLibraryAuthorizationController.swift */; };
		006F8F7C202C9AAF00CD93DB /* PlayerSlider.swift in Sources */ = {isa = PBXBuildFile; fileRef = 006F8F7B202C9AAF00CD93DB /* PlayerSlider.swift */; };
		006F8F7E202DD5A100CD93DB /* RepeatingButton.swift in Sources */ = {isa = PBXBuildFile; fileRef = 006F8F7D202DD5A100CD93DB /* RepeatingButton.swift */; };
		007208971FBF7C920046F389 /* UICollectionView+PhotoLibraryChanges.swift in Sources */ = {isa = PBXBuildFile; fileRef = 007208961FBF7C920046F389 /* UICollectionView+PhotoLibraryChanges.swift */; };
		0072089B1FBF87B20046F389 /* VideosCollectionViewDataSource.swift in Sources */ = {isa = PBXBuildFile; fileRef = 0072089A1FBF87B20046F389 /* VideosCollectionViewDataSource.swift */; };
		008426991FD5CAC300F4119D /* ZoomingPlayerView.swift in Sources */ = {isa = PBXBuildFile; fileRef = 008426981FD5CAC300F4119D /* ZoomingPlayerView.swift */; };
		009C65751FBF337300DB25A6 /* AppDelegate.swift in Sources */ = {isa = PBXBuildFile; fileRef = 001AA1781FB4977100A00BB9 /* AppDelegate.swift */; };
		009C65781FBF337E00DB25A6 /* PlayerOverlayView.swift in Sources */ = {isa = PBXBuildFile; fileRef = 0057C5D91FBEF494008B7E08 /* PlayerOverlayView.swift */; };
		009C657A1FBF338900DB25A6 /* VideosViewController.swift in Sources */ = {isa = PBXBuildFile; fileRef = 001AA1991FB498C700A00BB9 /* VideosViewController.swift */; };
		009C657B1FBF338900DB25A6 /* VideoCell.swift in Sources */ = {isa = PBXBuildFile; fileRef = 001AA1BB1FB4A71F00A00BB9 /* VideoCell.swift */; };
		009C657D1FBF338900DB25A6 /* GradientView.swift in Sources */ = {isa = PBXBuildFile; fileRef = 00C8763B1FB5A1F600B5D7A3 /* GradientView.swift */; };
		009C65851FBF339E00DB25A6 /* VideoLoader.swift in Sources */ = {isa = PBXBuildFile; fileRef = 00C876431FB9D0F400B5D7A3 /* VideoLoader.swift */; };
		009C65871FBF33A300DB25A6 /* Style.swift in Sources */ = {isa = PBXBuildFile; fileRef = 00C8763D1FB60DB600B5D7A3 /* Style.swift */; };
		009C65891FBF33A300DB25A6 /* Formatters.swift in Sources */ = {isa = PBXBuildFile; fileRef = 0020D2ED1FB4E512002379D0 /* Formatters.swift */; };
		009C658B1FBF33AC00DB25A6 /* Assets.xcassets in Resources */ = {isa = PBXBuildFile; fileRef = 001AA17F1FB4977100A00BB9 /* Assets.xcassets */; };
		00AFE4F42027A03F005E2AA8 /* PhotosRequests.swift in Sources */ = {isa = PBXBuildFile; fileRef = 00AFE4F32027A03F005E2AA8 /* PhotosRequests.swift */; };
		00AFE4F920289AD6005E2AA8 /* Alerts.swift in Sources */ = {isa = PBXBuildFile; fileRef = 00AFE4F820289AD6005E2AA8 /* Alerts.swift */; };
		00B02DFC212077CD00336F34 /* BlurryImageView.swift in Sources */ = {isa = PBXBuildFile; fileRef = 00B02DFB212077CD00336F34 /* BlurryImageView.swift */; };
		00B264561FD090B300A6C3C3 /* PlaybackController.swift in Sources */ = {isa = PBXBuildFile; fileRef = 00B264551FD090B300A6C3C3 /* PlaybackController.swift */; };
		00BAFCA0205E938B00BCEE69 /* AVKit+Debug.swift in Sources */ = {isa = PBXBuildFile; fileRef = 00BAFC9F205E938B00BCEE69 /* AVKit+Debug.swift */; };
		00BAFCA2205E994D00BCEE69 /* UIView+Animation.swift in Sources */ = {isa = PBXBuildFile; fileRef = 00BAFCA1205E994D00BCEE69 /* UIView+Animation.swift */; };
		00BAFCA6205EA49B00BCEE69 /* AppDelegate+Navigation.swift in Sources */ = {isa = PBXBuildFile; fileRef = 00BAFCA5205EA49B00BCEE69 /* AppDelegate+Navigation.swift */; };
		00C098D51FC1A7C2000B05FE /* Photos+Authorization.swift in Sources */ = {isa = PBXBuildFile; fileRef = 00C098D41FC1A7C2000B05FE /* Photos+Authorization.swift */; };
		00C098D71FC1A7CB000B05FE /* AVKit.swift in Sources */ = {isa = PBXBuildFile; fileRef = 00C098D61FC1A7CB000B05FE /* AVKit.swift */; };
		00C098D91FC1A7D3000B05FE /* UIKit.swift in Sources */ = {isa = PBXBuildFile; fileRef = 00C098D81FC1A7D3000B05FE /* UIKit.swift */; };
		00C098E31FC1C089000B05FE /* StatusView.swift in Sources */ = {isa = PBXBuildFile; fileRef = 00C098E21FC1C089000B05FE /* StatusView.swift */; };
		00C098EB1FC477E5000B05FE /* ImageManagerRequest.swift in Sources */ = {isa = PBXBuildFile; fileRef = 00C098EA1FC477E5000B05FE /* ImageManagerRequest.swift */; };
		00EAFD96205EB26D0031F8A2 /* UISlider+Config.swift in Sources */ = {isa = PBXBuildFile; fileRef = 00EAFD95205EB26D0031F8A2 /* UISlider+Config.swift */; };
		00EAFD98205EB2CE0031F8A2 /* UISlider+CMTime.swift in Sources */ = {isa = PBXBuildFile; fileRef = 00EAFD97205EB2CE0031F8A2 /* UISlider+CMTime.swift */; };
		00EAFD9A205ED32B0031F8A2 /* PlayerControlsView.swift in Sources */ = {isa = PBXBuildFile; fileRef = 00EAFD99205ED32B0031F8A2 /* PlayerControlsView.swift */; };
		00EAFD9C205ED3450031F8A2 /* PlayerTitleView.swift in Sources */ = {isa = PBXBuildFile; fileRef = 00EAFD9B205ED3450031F8A2 /* PlayerTitleView.swift */; };
		00EAFD9F205FB2F20031F8A2 /* PlayerSeeker.swift in Sources */ = {isa = PBXBuildFile; fileRef = 00EAFD9E205FB2F10031F8A2 /* PlayerSeeker.swift */; };
/* End PBXBuildFile section */

/* Begin PBXFileReference section */
		001A6C4B20600E1A00B91F3A /* README.md */ = {isa = PBXFileReference; lastKnownFileType = net.daringfireball.markdown; path = README.md; sourceTree = SOURCE_ROOT; };
		001A6C4C206152E900B91F3A /* PlayerSeeker+Syncing.swift */ = {isa = PBXFileReference; lastKnownFileType = sourcecode.swift; path = "PlayerSeeker+Syncing.swift"; sourceTree = "<group>"; };
		001A6C5020623B0000B91F3A /* PlayerLoadingView.swift */ = {isa = PBXFileReference; lastKnownFileType = sourcecode.swift; path = PlayerLoadingView.swift; sourceTree = "<group>"; };
		001AA1781FB4977100A00BB9 /* AppDelegate.swift */ = {isa = PBXFileReference; lastKnownFileType = sourcecode.swift; path = AppDelegate.swift; sourceTree = "<group>"; };
		001AA17D1FB4977100A00BB9 /* Base */ = {isa = PBXFileReference; lastKnownFileType = file.storyboard; name = Base; path = Base.lproj/Main.storyboard; sourceTree = "<group>"; };
		001AA17F1FB4977100A00BB9 /* Assets.xcassets */ = {isa = PBXFileReference; lastKnownFileType = folder.assetcatalog; path = Assets.xcassets; sourceTree = "<group>"; };
		001AA1821FB4977100A00BB9 /* Base */ = {isa = PBXFileReference; lastKnownFileType = file.storyboard; name = Base; path = Base.lproj/LaunchScreen.storyboard; sourceTree = "<group>"; };
		001AA1841FB4977100A00BB9 /* Info.plist */ = {isa = PBXFileReference; lastKnownFileType = text.plist.xml; path = Info.plist; sourceTree = "<group>"; };
		001AA1991FB498C700A00BB9 /* VideosViewController.swift */ = {isa = PBXFileReference; lastKnownFileType = sourcecode.swift; path = VideosViewController.swift; sourceTree = "<group>"; };
		001AA1BB1FB4A71F00A00BB9 /* VideoCell.swift */ = {isa = PBXFileReference; lastKnownFileType = sourcecode.swift; path = VideoCell.swift; sourceTree = "<group>"; };
		0020D2ED1FB4E512002379D0 /* Formatters.swift */ = {isa = PBXFileReference; lastKnownFileType = sourcecode.swift; path = Formatters.swift; sourceTree = "<group>"; };
		00328A941FC85919004648F9 /* PlayerView.swift */ = {isa = PBXFileReference; lastKnownFileType = sourcecode.swift; path = PlayerView.swift; sourceTree = "<group>"; };
		00328A961FC85D84004648F9 /* PlayerViewController.swift */ = {isa = PBXFileReference; lastKnownFileType = sourcecode.swift; path = PlayerViewController.swift; sourceTree = "<group>"; };
		00328A981FC87A50004648F9 /* ScrubbingSlider.swift */ = {isa = PBXFileReference; lastKnownFileType = sourcecode.swift; path = ScrubbingSlider.swift; sourceTree = "<group>"; };
		00328A9D1FC8BE1D004648F9 /* PlayerObserver.swift */ = {isa = PBXFileReference; lastKnownFileType = sourcecode.swift; path = PlayerObserver.swift; sourceTree = "<group>"; };
		0057C5D91FBEF494008B7E08 /* PlayerOverlayView.swift */ = {isa = PBXFileReference; lastKnownFileType = sourcecode.swift; path = PlayerOverlayView.swift; sourceTree = "<group>"; };
		005E2AA220273C5800F731FA /* CollectionViewGridLayout.swift */ = {isa = PBXFileReference; lastKnownFileType = sourcecode.swift; path = CollectionViewGridLayout.swift; sourceTree = "<group>"; };
		005E2AA6202773F800F731FA /* PhotoLibraryAuthorizationController.swift */ = {isa = PBXFileReference; lastKnownFileType = sourcecode.swift; path = PhotoLibraryAuthorizationController.swift; sourceTree = "<group>"; };
		006F8F7B202C9AAF00CD93DB /* PlayerSlider.swift */ = {isa = PBXFileReference; lastKnownFileType = sourcecode.swift; path = PlayerSlider.swift; sourceTree = "<group>"; };
		006F8F7D202DD5A100CD93DB /* RepeatingButton.swift */ = {isa = PBXFileReference; lastKnownFileType = sourcecode.swift; path = RepeatingButton.swift; sourceTree = "<group>"; };
		007208961FBF7C920046F389 /* UICollectionView+PhotoLibraryChanges.swift */ = {isa = PBXFileReference; lastKnownFileType = sourcecode.swift; path = "UICollectionView+PhotoLibraryChanges.swift"; sourceTree = "<group>"; };
		0072089A1FBF87B20046F389 /* VideosCollectionViewDataSource.swift */ = {isa = PBXFileReference; lastKnownFileType = sourcecode.swift; path = VideosCollectionViewDataSource.swift; sourceTree = "<group>"; };
		008426981FD5CAC300F4119D /* ZoomingPlayerView.swift */ = {isa = PBXFileReference; lastKnownFileType = sourcecode.swift; path = ZoomingPlayerView.swift; sourceTree = "<group>"; };
		009C65631FBF32A600DB25A6 /* Frame Grabber.app */ = {isa = PBXFileReference; explicitFileType = wrapper.application; includeInIndex = 0; path = "Frame Grabber.app"; sourceTree = BUILT_PRODUCTS_DIR; };
		00AFE4F32027A03F005E2AA8 /* PhotosRequests.swift */ = {isa = PBXFileReference; lastKnownFileType = sourcecode.swift; path = PhotosRequests.swift; sourceTree = "<group>"; };
		00AFE4F820289AD6005E2AA8 /* Alerts.swift */ = {isa = PBXFileReference; lastKnownFileType = sourcecode.swift; path = Alerts.swift; sourceTree = "<group>"; };
		00B02DFB212077CD00336F34 /* BlurryImageView.swift */ = {isa = PBXFileReference; lastKnownFileType = sourcecode.swift; path = BlurryImageView.swift; sourceTree = "<group>"; };
		00B264551FD090B300A6C3C3 /* PlaybackController.swift */ = {isa = PBXFileReference; lastKnownFileType = sourcecode.swift; path = PlaybackController.swift; sourceTree = "<group>"; };
		00BAFC9F205E938B00BCEE69 /* AVKit+Debug.swift */ = {isa = PBXFileReference; lastKnownFileType = sourcecode.swift; path = "AVKit+Debug.swift"; sourceTree = "<group>"; };
		00BAFCA1205E994D00BCEE69 /* UIView+Animation.swift */ = {isa = PBXFileReference; lastKnownFileType = sourcecode.swift; path = "UIView+Animation.swift"; sourceTree = "<group>"; };
		00BAFCA5205EA49B00BCEE69 /* AppDelegate+Navigation.swift */ = {isa = PBXFileReference; lastKnownFileType = sourcecode.swift; path = "AppDelegate+Navigation.swift"; sourceTree = "<group>"; };
		00C098D41FC1A7C2000B05FE /* Photos+Authorization.swift */ = {isa = PBXFileReference; lastKnownFileType = sourcecode.swift; path = "Photos+Authorization.swift"; sourceTree = "<group>"; };
		00C098D61FC1A7CB000B05FE /* AVKit.swift */ = {isa = PBXFileReference; lastKnownFileType = sourcecode.swift; path = AVKit.swift; sourceTree = "<group>"; };
		00C098D81FC1A7D3000B05FE /* UIKit.swift */ = {isa = PBXFileReference; lastKnownFileType = sourcecode.swift; path = UIKit.swift; sourceTree = "<group>"; };
		00C098E21FC1C089000B05FE /* StatusView.swift */ = {isa = PBXFileReference; lastKnownFileType = sourcecode.swift; path = StatusView.swift; sourceTree = "<group>"; };
		00C098EA1FC477E5000B05FE /* ImageManagerRequest.swift */ = {isa = PBXFileReference; lastKnownFileType = sourcecode.swift; path = ImageManagerRequest.swift; sourceTree = "<group>"; };
		00C8763B1FB5A1F600B5D7A3 /* GradientView.swift */ = {isa = PBXFileReference; lastKnownFileType = sourcecode.swift; path = GradientView.swift; sourceTree = "<group>"; };
		00C8763D1FB60DB600B5D7A3 /* Style.swift */ = {isa = PBXFileReference; lastKnownFileType = sourcecode.swift; path = Style.swift; sourceTree = "<group>"; };
		00C876431FB9D0F400B5D7A3 /* VideoLoader.swift */ = {isa = PBXFileReference; lastKnownFileType = sourcecode.swift; path = VideoLoader.swift; sourceTree = "<group>"; };
		00EAFD95205EB26D0031F8A2 /* UISlider+Config.swift */ = {isa = PBXFileReference; lastKnownFileType = sourcecode.swift; path = "UISlider+Config.swift"; sourceTree = "<group>"; };
		00EAFD97205EB2CE0031F8A2 /* UISlider+CMTime.swift */ = {isa = PBXFileReference; lastKnownFileType = sourcecode.swift; path = "UISlider+CMTime.swift"; sourceTree = "<group>"; };
		00EAFD99205ED32B0031F8A2 /* PlayerControlsView.swift */ = {isa = PBXFileReference; lastKnownFileType = sourcecode.swift; path = PlayerControlsView.swift; sourceTree = "<group>"; };
		00EAFD9B205ED3450031F8A2 /* PlayerTitleView.swift */ = {isa = PBXFileReference; lastKnownFileType = sourcecode.swift; path = PlayerTitleView.swift; sourceTree = "<group>"; };
		00EAFD9E205FB2F10031F8A2 /* PlayerSeeker.swift */ = {isa = PBXFileReference; lastKnownFileType = sourcecode.swift; path = PlayerSeeker.swift; sourceTree = "<group>"; };
/* End PBXFileReference section */

/* Begin PBXFrameworksBuildPhase section */
		009C65601FBF32A600DB25A6 /* Frameworks */ = {
			isa = PBXFrameworksBuildPhase;
			buildActionMask = 2147483647;
			files = (
			);
			runOnlyForDeploymentPostprocessing = 0;
		};
/* End PBXFrameworksBuildPhase section */

/* Begin PBXGroup section */
		001AA16C1FB4977100A00BB9 = {
			isa = PBXGroup;
			children = (
				001A6C4B20600E1A00B91F3A /* README.md */,
				001AA1771FB4977100A00BB9 /* Frame Grabber */,
				001AA1761FB4977100A00BB9 /* Products */,
			);
			sourceTree = "<group>";
		};
		001AA1761FB4977100A00BB9 /* Products */ = {
			isa = PBXGroup;
			children = (
				009C65631FBF32A600DB25A6 /* Frame Grabber.app */,
			);
			name = Products;
			sourceTree = "<group>";
		};
		001AA1771FB4977100A00BB9 /* Frame Grabber */ = {
			isa = PBXGroup;
			children = (
				001AA1781FB4977100A00BB9 /* AppDelegate.swift */,
				00BAFCA5205EA49B00BCEE69 /* AppDelegate+Navigation.swift */,
				001AA1811FB4977100A00BB9 /* LaunchScreen.storyboard */,
				001AA17C1FB4977100A00BB9 /* Main.storyboard */,
				00AFE4FA202AEF01005E2AA8 /* Authorization */,
				0020D2F21FB4F277002379D0 /* Videos */,
				0057C5BB1FBDE2CF008B7E08 /* Player */,
				00C098E61FC1C9E0000B05FE /* Views */,
				0020D2F11FB4ED95002379D0 /* Utilities */,
				001AA1981FB497E900A00BB9 /* Resources */,
			);
			path = "Frame Grabber";
			sourceTree = "<group>";
		};
		001AA1981FB497E900A00BB9 /* Resources */ = {
			isa = PBXGroup;
			children = (
				001AA17F1FB4977100A00BB9 /* Assets.xcassets */,
				001AA1841FB4977100A00BB9 /* Info.plist */,
			);
			path = Resources;
			sourceTree = "<group>";
		};
		0020D2F11FB4ED95002379D0 /* Utilities */ = {
			isa = PBXGroup;
			children = (
				00EAFDA1205FC5880031F8A2 /* Media Loading */,
				00AFE4F820289AD6005E2AA8 /* Alerts.swift */,
				00C098D61FC1A7CB000B05FE /* AVKit.swift */,
				00BAFC9F205E938B00BCEE69 /* AVKit+Debug.swift */,
				0020D2ED1FB4E512002379D0 /* Formatters.swift */,
				00C8763D1FB60DB600B5D7A3 /* Style.swift */,
				007208961FBF7C920046F389 /* UICollectionView+PhotoLibraryChanges.swift */,
				00C098D81FC1A7D3000B05FE /* UIKit.swift */,
				00BAFCA1205E994D00BCEE69 /* UIView+Animation.swift */,
			);
			path = Utilities;
			sourceTree = "<group>";
		};
		0020D2F21FB4F277002379D0 /* Videos */ = {
			isa = PBXGroup;
			children = (
				001AA1991FB498C700A00BB9 /* VideosViewController.swift */,
				0072089A1FBF87B20046F389 /* VideosCollectionViewDataSource.swift */,
				001AA1BB1FB4A71F00A00BB9 /* VideoCell.swift */,
				005E2AA220273C5800F731FA /* CollectionViewGridLayout.swift */,
			);
			path = Videos;
			sourceTree = "<group>";
		};
		0057C5BB1FBDE2CF008B7E08 /* Player */ = {
			isa = PBXGroup;
			children = (
				00328A961FC85D84004648F9 /* PlayerViewController.swift */,
				00EAFDA0205FB42E0031F8A2 /* Playback */,
				00EAFD9D205ED6800031F8A2 /* Player View */,
				00EAFD94205EB2010031F8A2 /* Slider */,
			);
			path = Player;
			sourceTree = "<group>";
		};
		00AFE4FA202AEF01005E2AA8 /* Authorization */ = {
			isa = PBXGroup;
			children = (
				005E2AA6202773F800F731FA /* PhotoLibraryAuthorizationController.swift */,
				00C098D41FC1A7C2000B05FE /* Photos+Authorization.swift */,
				00C098E21FC1C089000B05FE /* StatusView.swift */,
			);
			path = Authorization;
			sourceTree = "<group>";
		};
		00C098E61FC1C9E0000B05FE /* Views */ = {
			isa = PBXGroup;
			children = (
				00B02DFB212077CD00336F34 /* BlurryImageView.swift */,
				00C8763B1FB5A1F600B5D7A3 /* GradientView.swift */,
				00328A941FC85919004648F9 /* PlayerView.swift */,
				006F8F7D202DD5A100CD93DB /* RepeatingButton.swift */,
				00328A981FC87A50004648F9 /* ScrubbingSlider.swift */,
				008426981FD5CAC300F4119D /* ZoomingPlayerView.swift */,
			);
			path = Views;
			sourceTree = "<group>";
		};
		00EAFD94205EB2010031F8A2 /* Slider */ = {
			isa = PBXGroup;
			children = (
				006F8F7B202C9AAF00CD93DB /* PlayerSlider.swift */,
				00EAFD97205EB2CE0031F8A2 /* UISlider+CMTime.swift */,
				00EAFD95205EB26D0031F8A2 /* UISlider+Config.swift */,
			);
			path = Slider;
			sourceTree = "<group>";
		};
		00EAFD9D205ED6800031F8A2 /* Player View */ = {
			isa = PBXGroup;
			children = (
				00EAFD99205ED32B0031F8A2 /* PlayerControlsView.swift */,
				001A6C5020623B0000B91F3A /* PlayerLoadingView.swift */,
				0057C5D91FBEF494008B7E08 /* PlayerOverlayView.swift */,
				00EAFD9B205ED3450031F8A2 /* PlayerTitleView.swift */,
			);
			path = "Player View";
			sourceTree = "<group>";
		};
		00EAFDA0205FB42E0031F8A2 /* Playback */ = {
			isa = PBXGroup;
			children = (
				00B264551FD090B300A6C3C3 /* PlaybackController.swift */,
				00328A9D1FC8BE1D004648F9 /* PlayerObserver.swift */,
				00EAFD9E205FB2F10031F8A2 /* PlayerSeeker.swift */,
				001A6C4C206152E900B91F3A /* PlayerSeeker+Syncing.swift */,
			);
			path = Playback;
			sourceTree = "<group>";
		};
		00EAFDA1205FC5880031F8A2 /* Media Loading */ = {
			isa = PBXGroup;
			children = (
				00C098EA1FC477E5000B05FE /* ImageManagerRequest.swift */,
				00AFE4F32027A03F005E2AA8 /* PhotosRequests.swift */,
				00C876431FB9D0F400B5D7A3 /* VideoLoader.swift */,
			);
			path = "Media Loading";
			sourceTree = "<group>";
		};
/* End PBXGroup section */

/* Begin PBXNativeTarget section */
		009C65621FBF32A600DB25A6 /* Frame Grabber */ = {
			isa = PBXNativeTarget;
			buildConfigurationList = 009C65721FBF32A600DB25A6 /* Build configuration list for PBXNativeTarget "Frame Grabber" */;
			buildPhases = (
				009C655F1FBF32A600DB25A6 /* Sources */,
				009C65601FBF32A600DB25A6 /* Frameworks */,
				009C65611FBF32A600DB25A6 /* Resources */,
			);
			buildRules = (
			);
			dependencies = (
			);
			name = "Frame Grabber";
			productName = "Frame Grabber";
			productReference = 009C65631FBF32A600DB25A6 /* Frame Grabber.app */;
			productType = "com.apple.product-type.application";
		};
/* End PBXNativeTarget section */

/* Begin PBXProject section */
		001AA16D1FB4977100A00BB9 /* Project object */ = {
			isa = PBXProject;
			attributes = {
				LastSwiftUpdateCheck = 0910;
				LastUpgradeCheck = 0940;
				ORGANIZATIONNAME = "Arthur Hammer";
				TargetAttributes = {
					009C65621FBF32A600DB25A6 = {
						CreatedOnToolsVersion = 9.1;
						ProvisioningStyle = Automatic;
					};
				};
			};
			buildConfigurationList = 001AA1701FB4977100A00BB9 /* Build configuration list for PBXProject "Frame Grabber" */;
			compatibilityVersion = "Xcode 8.0";
			developmentRegion = en;
			hasScannedForEncodings = 0;
			knownRegions = (
				en,
				Base,
			);
			mainGroup = 001AA16C1FB4977100A00BB9;
			productRefGroup = 001AA1761FB4977100A00BB9 /* Products */;
			projectDirPath = "";
			projectRoot = "";
			targets = (
				009C65621FBF32A600DB25A6 /* Frame Grabber */,
			);
		};
/* End PBXProject section */

/* Begin PBXResourcesBuildPhase section */
		009C65611FBF32A600DB25A6 /* Resources */ = {
			isa = PBXResourcesBuildPhase;
			buildActionMask = 2147483647;
			files = (
				002F598F1FBF3AC400910891 /* LaunchScreen.storyboard in Resources */,
				002F59901FBF3AC400910891 /* Main.storyboard in Resources */,
				009C658B1FBF33AC00DB25A6 /* Assets.xcassets in Resources */,
			);
			runOnlyForDeploymentPostprocessing = 0;
		};
/* End PBXResourcesBuildPhase section */

/* Begin PBXSourcesBuildPhase section */
		009C655F1FBF32A600DB25A6 /* Sources */ = {
			isa = PBXSourcesBuildPhase;
			buildActionMask = 2147483647;
			files = (
				009C65781FBF337E00DB25A6 /* PlayerOverlayView.swift in Sources */,
				009C657B1FBF338900DB25A6 /* VideoCell.swift in Sources */,
				00C098E31FC1C089000B05FE /* StatusView.swift in Sources */,
				00C098D91FC1A7D3000B05FE /* UIKit.swift in Sources */,
				001A6C5120623B0000B91F3A /* PlayerLoadingView.swift in Sources */,
				00B02DFC212077CD00336F34 /* BlurryImageView.swift in Sources */,
				00EAFD9F205FB2F20031F8A2 /* PlayerSeeker.swift in Sources */,
				00AFE4F920289AD6005E2AA8 /* Alerts.swift in Sources */,
				00AFE4F42027A03F005E2AA8 /* PhotosRequests.swift in Sources */,
				00C098EB1FC477E5000B05FE /* ImageManagerRequest.swift in Sources */,
				00BAFCA6205EA49B00BCEE69 /* AppDelegate+Navigation.swift in Sources */,
				005E2AA7202773F800F731FA /* PhotoLibraryAuthorizationController.swift in Sources */,
				00328A971FC85D84004648F9 /* PlayerViewController.swift in Sources */,
				009C65751FBF337300DB25A6 /* AppDelegate.swift in Sources */,
				00BAFCA0205E938B00BCEE69 /* AVKit+Debug.swift in Sources */,
				00C098D71FC1A7CB000B05FE /* AVKit.swift in Sources */,
				00EAFD96205EB26D0031F8A2 /* UISlider+Config.swift in Sources */,
				008426991FD5CAC300F4119D /* ZoomingPlayerView.swift in Sources */,
				00328A991FC87A50004648F9 /* ScrubbingSlider.swift in Sources */,
				00EAFD9A205ED32B0031F8A2 /* PlayerControlsView.swift in Sources */,
				00EAFD9C205ED3450031F8A2 /* PlayerTitleView.swift in Sources */,
				005E2AA320273C5800F731FA /* CollectionViewGridLayout.swift in Sources */,
				007208971FBF7C920046F389 /* UICollectionView+PhotoLibraryChanges.swift in Sources */,
				009C657A1FBF338900DB25A6 /* VideosViewController.swift in Sources */,
				009C65871FBF33A300DB25A6 /* Style.swift in Sources */,
				006F8F7E202DD5A100CD93DB /* RepeatingButton.swift in Sources */,
				00C098D51FC1A7C2000B05FE /* Photos+Authorization.swift in Sources */,
				009C65851FBF339E00DB25A6 /* VideoLoader.swift in Sources */,
				0072089B1FBF87B20046F389 /* VideosCollectionViewDataSource.swift in Sources */,
				001A6C4D206152E900B91F3A /* PlayerSeeker+Syncing.swift in Sources */,
				00328A9E1FC8BE1D004648F9 /* PlayerObserver.swift in Sources */,
				00328A951FC85919004648F9 /* PlayerView.swift in Sources */,
				00BAFCA2205E994D00BCEE69 /* UIView+Animation.swift in Sources */,
				00EAFD98205EB2CE0031F8A2 /* UISlider+CMTime.swift in Sources */,
				009C657D1FBF338900DB25A6 /* GradientView.swift in Sources */,
				009C65891FBF33A300DB25A6 /* Formatters.swift in Sources */,
				00B264561FD090B300A6C3C3 /* PlaybackController.swift in Sources */,
				006F8F7C202C9AAF00CD93DB /* PlayerSlider.swift in Sources */,
			);
			runOnlyForDeploymentPostprocessing = 0;
		};
/* End PBXSourcesBuildPhase section */

/* Begin PBXVariantGroup section */
		001AA17C1FB4977100A00BB9 /* Main.storyboard */ = {
			isa = PBXVariantGroup;
			children = (
				001AA17D1FB4977100A00BB9 /* Base */,
			);
			name = Main.storyboard;
			sourceTree = "<group>";
		};
		001AA1811FB4977100A00BB9 /* LaunchScreen.storyboard */ = {
			isa = PBXVariantGroup;
			children = (
				001AA1821FB4977100A00BB9 /* Base */,
			);
			name = LaunchScreen.storyboard;
			sourceTree = "<group>";
		};
/* End PBXVariantGroup section */

/* Begin XCBuildConfiguration section */
		001AA1901FB4977100A00BB9 /* Debug */ = {
			isa = XCBuildConfiguration;
			buildSettings = {
				ALWAYS_SEARCH_USER_PATHS = NO;
				CLANG_ANALYZER_NONNULL = YES;
				CLANG_ANALYZER_NUMBER_OBJECT_CONVERSION = YES_AGGRESSIVE;
				CLANG_CXX_LANGUAGE_STANDARD = "gnu++14";
				CLANG_CXX_LIBRARY = "libc++";
				CLANG_ENABLE_MODULES = YES;
				CLANG_ENABLE_OBJC_ARC = YES;
				CLANG_WARN_BLOCK_CAPTURE_AUTORELEASING = YES;
				CLANG_WARN_BOOL_CONVERSION = YES;
				CLANG_WARN_COMMA = YES;
				CLANG_WARN_CONSTANT_CONVERSION = YES;
				CLANG_WARN_DEPRECATED_OBJC_IMPLEMENTATIONS = YES;
				CLANG_WARN_DIRECT_OBJC_ISA_USAGE = YES_ERROR;
				CLANG_WARN_DOCUMENTATION_COMMENTS = YES;
				CLANG_WARN_EMPTY_BODY = YES;
				CLANG_WARN_ENUM_CONVERSION = YES;
				CLANG_WARN_INFINITE_RECURSION = YES;
				CLANG_WARN_INT_CONVERSION = YES;
				CLANG_WARN_NON_LITERAL_NULL_CONVERSION = YES;
				CLANG_WARN_OBJC_IMPLICIT_RETAIN_SELF = YES;
				CLANG_WARN_OBJC_LITERAL_CONVERSION = YES;
				CLANG_WARN_OBJC_ROOT_CLASS = YES_ERROR;
				CLANG_WARN_RANGE_LOOP_ANALYSIS = YES;
				CLANG_WARN_STRICT_PROTOTYPES = YES;
				CLANG_WARN_SUSPICIOUS_MOVE = YES;
				CLANG_WARN_UNGUARDED_AVAILABILITY = YES_AGGRESSIVE;
				CLANG_WARN_UNREACHABLE_CODE = YES;
				CLANG_WARN__DUPLICATE_METHOD_MATCH = YES;
				CODE_SIGN_IDENTITY = "iPhone Developer";
				COPY_PHASE_STRIP = NO;
				DEBUG_INFORMATION_FORMAT = dwarf;
				ENABLE_STRICT_OBJC_MSGSEND = YES;
				ENABLE_TESTABILITY = YES;
				GCC_C_LANGUAGE_STANDARD = gnu11;
				GCC_DYNAMIC_NO_PIC = NO;
				GCC_NO_COMMON_BLOCKS = YES;
				GCC_OPTIMIZATION_LEVEL = 0;
				GCC_PREPROCESSOR_DEFINITIONS = (
					"DEBUG=1",
					"$(inherited)",
				);
				GCC_WARN_64_TO_32_BIT_CONVERSION = YES;
				GCC_WARN_ABOUT_RETURN_TYPE = YES_ERROR;
				GCC_WARN_UNDECLARED_SELECTOR = YES;
				GCC_WARN_UNINITIALIZED_AUTOS = YES_AGGRESSIVE;
				GCC_WARN_UNUSED_FUNCTION = YES;
				GCC_WARN_UNUSED_VARIABLE = YES;
				IPHONEOS_DEPLOYMENT_TARGET = 11.0;
				MTL_ENABLE_DEBUG_INFO = YES;
				ONLY_ACTIVE_ARCH = YES;
				SDKROOT = iphoneos;
				SWIFT_ACTIVE_COMPILATION_CONDITIONS = DEBUG;
				SWIFT_OPTIMIZATION_LEVEL = "-Onone";
			};
			name = Debug;
		};
		001AA1911FB4977100A00BB9 /* Release */ = {
			isa = XCBuildConfiguration;
			buildSettings = {
				ALWAYS_SEARCH_USER_PATHS = NO;
				CLANG_ANALYZER_NONNULL = YES;
				CLANG_ANALYZER_NUMBER_OBJECT_CONVERSION = YES_AGGRESSIVE;
				CLANG_CXX_LANGUAGE_STANDARD = "gnu++14";
				CLANG_CXX_LIBRARY = "libc++";
				CLANG_ENABLE_MODULES = YES;
				CLANG_ENABLE_OBJC_ARC = YES;
				CLANG_WARN_BLOCK_CAPTURE_AUTORELEASING = YES;
				CLANG_WARN_BOOL_CONVERSION = YES;
				CLANG_WARN_COMMA = YES;
				CLANG_WARN_CONSTANT_CONVERSION = YES;
				CLANG_WARN_DEPRECATED_OBJC_IMPLEMENTATIONS = YES;
				CLANG_WARN_DIRECT_OBJC_ISA_USAGE = YES_ERROR;
				CLANG_WARN_DOCUMENTATION_COMMENTS = YES;
				CLANG_WARN_EMPTY_BODY = YES;
				CLANG_WARN_ENUM_CONVERSION = YES;
				CLANG_WARN_INFINITE_RECURSION = YES;
				CLANG_WARN_INT_CONVERSION = YES;
				CLANG_WARN_NON_LITERAL_NULL_CONVERSION = YES;
				CLANG_WARN_OBJC_IMPLICIT_RETAIN_SELF = YES;
				CLANG_WARN_OBJC_LITERAL_CONVERSION = YES;
				CLANG_WARN_OBJC_ROOT_CLASS = YES_ERROR;
				CLANG_WARN_RANGE_LOOP_ANALYSIS = YES;
				CLANG_WARN_STRICT_PROTOTYPES = YES;
				CLANG_WARN_SUSPICIOUS_MOVE = YES;
				CLANG_WARN_UNGUARDED_AVAILABILITY = YES_AGGRESSIVE;
				CLANG_WARN_UNREACHABLE_CODE = YES;
				CLANG_WARN__DUPLICATE_METHOD_MATCH = YES;
				CODE_SIGN_IDENTITY = "iPhone Developer";
				COPY_PHASE_STRIP = NO;
				DEBUG_INFORMATION_FORMAT = "dwarf-with-dsym";
				ENABLE_NS_ASSERTIONS = NO;
				ENABLE_STRICT_OBJC_MSGSEND = YES;
				GCC_C_LANGUAGE_STANDARD = gnu11;
				GCC_NO_COMMON_BLOCKS = YES;
				GCC_WARN_64_TO_32_BIT_CONVERSION = YES;
				GCC_WARN_ABOUT_RETURN_TYPE = YES_ERROR;
				GCC_WARN_UNDECLARED_SELECTOR = YES;
				GCC_WARN_UNINITIALIZED_AUTOS = YES_AGGRESSIVE;
				GCC_WARN_UNUSED_FUNCTION = YES;
				GCC_WARN_UNUSED_VARIABLE = YES;
				IPHONEOS_DEPLOYMENT_TARGET = 11.0;
				MTL_ENABLE_DEBUG_INFO = NO;
				SDKROOT = iphoneos;
				SWIFT_OPTIMIZATION_LEVEL = "-Owholemodule";
				VALIDATE_PRODUCT = YES;
			};
			name = Release;
		};
		009C65731FBF32A600DB25A6 /* Debug */ = {
			isa = XCBuildConfiguration;
			buildSettings = {
				ASSETCATALOG_COMPILER_APPICON_NAME = AppIcon;
				CODE_SIGN_STYLE = Automatic;
				DEVELOPMENT_TEAM = HN76YBFY6K;
				INFOPLIST_FILE = "$(SRCROOT)/Frame Grabber/Resources/Info.plist";
				IPHONEOS_DEPLOYMENT_TARGET = 11.0;
				LD_RUNPATH_SEARCH_PATHS = "$(inherited) @executable_path/Frameworks";
				PRODUCT_BUNDLE_IDENTIFIER = "me.ahammer.Frame-Grabber";
				PRODUCT_NAME = "$(TARGET_NAME)";
				SWIFT_VERSION = 4.0;
				TARGETED_DEVICE_FAMILY = 1;
			};
			name = Debug;
		};
		009C65741FBF32A600DB25A6 /* Release */ = {
			isa = XCBuildConfiguration;
			buildSettings = {
				ASSETCATALOG_COMPILER_APPICON_NAME = AppIcon;
				CODE_SIGN_STYLE = Automatic;
				DEVELOPMENT_TEAM = HN76YBFY6K;
				INFOPLIST_FILE = "$(SRCROOT)/Frame Grabber/Resources/Info.plist";
				IPHONEOS_DEPLOYMENT_TARGET = 11.0;
				LD_RUNPATH_SEARCH_PATHS = "$(inherited) @executable_path/Frameworks";
				PRODUCT_BUNDLE_IDENTIFIER = "me.ahammer.Frame-Grabber";
				PRODUCT_NAME = "$(TARGET_NAME)";
				SWIFT_VERSION = 4.0;
				TARGETED_DEVICE_FAMILY = 1;
			};
			name = Release;
		};
/* End XCBuildConfiguration section */

/* Begin XCConfigurationList section */
		001AA1701FB4977100A00BB9 /* Build configuration list for PBXProject "Frame Grabber" */ = {
			isa = XCConfigurationList;
			buildConfigurations = (
				001AA1901FB4977100A00BB9 /* Debug */,
				001AA1911FB4977100A00BB9 /* Release */,
			);
			defaultConfigurationIsVisible = 0;
			defaultConfigurationName = Release;
		};
		009C65721FBF32A600DB25A6 /* Build configuration list for PBXNativeTarget "Frame Grabber" */ = {
			isa = XCConfigurationList;
			buildConfigurations = (
				009C65731FBF32A600DB25A6 /* Debug */,
				009C65741FBF32A600DB25A6 /* Release */,
			);
			defaultConfigurationIsVisible = 0;
			defaultConfigurationName = Release;
		};
/* End XCConfigurationList section */
	};
	rootObject = 001AA16D1FB4977100A00BB9 /* Project object */;
}
